// !$*UTF8*$!
{
	archiveVersion = 1;
	classes = {
	};
	objectVersion = 56;
	objects = {

/* Begin PBXBuildFile section */
		850B7C022A0ED22000CEEBAA /* WeatherDetailViews.swift in Sources */ = {isa = PBXBuildFile; fileRef = 850B7C012A0ED22000CEEBAA /* WeatherDetailViews.swift */; };
		850B7C042A0ED74C00CEEBAA /* WeatherAlert.swift in Sources */ = {isa = PBXBuildFile; fileRef = 850B7C032A0ED74C00CEEBAA /* WeatherAlert.swift */; };
		852442792A1FFC9800A501B1 /* Type+toString.swift in Sources */ = {isa = PBXBuildFile; fileRef = 852442782A1FFC9800A501B1 /* Type+toString.swift */; };
		853862D22A29152900F4C947 /* Commands.swift in Sources */ = {isa = PBXBuildFile; fileRef = 853862D12A29152900F4C947 /* Commands.swift */; };
		853862D42A29BD9400F4C947 /* WeatherToolbarViews.swift in Sources */ = {isa = PBXBuildFile; fileRef = 853862D32A29BD9400F4C947 /* WeatherToolbarViews.swift */; };
		853862D82A29C2A000F4C947 /* MapForm.swift in Sources */ = {isa = PBXBuildFile; fileRef = 853862D72A29C2A000F4C947 /* MapForm.swift */; };
		85391EAC2A0FA638005A0F5C /* DegreesToCompassName.swift in Sources */ = {isa = PBXBuildFile; fileRef = 85391EAB2A0FA638005A0F5C /* DegreesToCompassName.swift */; };
		854158352A2FC85E002DA57B /* SwiftyJSON.swift in Sources */ = {isa = PBXBuildFile; fileRef = 854158342A2FC85E002DA57B /* SwiftyJSON.swift */; };
		8541583D2A2FCE47002DA57B /* WidgetKit.framework in Frameworks */ = {isa = PBXBuildFile; fileRef = 8541583C2A2FCE47002DA57B /* WidgetKit.framework */; };
		8541583F2A2FCE47002DA57B /* SwiftUI.framework in Frameworks */ = {isa = PBXBuildFile; fileRef = 8541583E2A2FCE47002DA57B /* SwiftUI.framework */; };
		854158422A2FCE47002DA57B /* WorldWideWeatherWidget.swift in Sources */ = {isa = PBXBuildFile; fileRef = 854158412A2FCE47002DA57B /* WorldWideWeatherWidget.swift */; };
		854158482A2FCE49002DA57B /* WorldWideWeatherWidget.intentdefinition in Sources */ = {isa = PBXBuildFile; fileRef = 854158432A2FCE47002DA57B /* WorldWideWeatherWidget.intentdefinition */; };
		854158492A2FCE49002DA57B /* WorldWideWeatherWidget.intentdefinition in Sources */ = {isa = PBXBuildFile; fileRef = 854158432A2FCE47002DA57B /* WorldWideWeatherWidget.intentdefinition */; };
		8541584C2A2FCE49002DA57B /* WorldWideWeatherWidgetExtension.appex in Embed Foundation Extensions */ = {isa = PBXBuildFile; fileRef = 8541583A2A2FCE47002DA57B /* WorldWideWeatherWidgetExtension.appex */; settings = {ATTRIBUTES = (RemoveHeadersOnCopy, ); }; };
		854158512A2FCEA2002DA57B /* WeatherForecast.swift in Sources */ = {isa = PBXBuildFile; fileRef = 85C8A8A129F59E16002258E7 /* WeatherForecast.swift */; };
		854158522A2FCEA2002DA57B /* Float+toInt.swift in Sources */ = {isa = PBXBuildFile; fileRef = 85D6D3B129F51B5B0080FB54 /* Float+toInt.swift */; };
		854158532A2FCEA2002DA57B /* TemperatureDaily.swift in Sources */ = {isa = PBXBuildFile; fileRef = 85E535B92A21D6B000C3093B /* TemperatureDaily.swift */; };
		854158542A2FCEA2002DA57B /* MapForm.swift in Sources */ = {isa = PBXBuildFile; fileRef = 853862D72A29C2A000F4C947 /* MapForm.swift */; };
		854158552A2FCEA2002DA57B /* SwiftyJSON.swift in Sources */ = {isa = PBXBuildFile; fileRef = 854158342A2FC85E002DA57B /* SwiftyJSON.swift */; };
		854158562A2FCEA2002DA57B /* WeatherToolbarViews.swift in Sources */ = {isa = PBXBuildFile; fileRef = 853862D32A29BD9400F4C947 /* WeatherToolbarViews.swift */; };
		854158572A2FCEA2002DA57B /* Save.swift in Sources */ = {isa = PBXBuildFile; fileRef = 85CD0C572A10305B00E531FD /* Save.swift */; };
		854158582A2FCEA2002DA57B /* FiveDayWeatherHourToWeatherHour.swift in Sources */ = {isa = PBXBuildFile; fileRef = 858EA0C829FADFDA0021EAAC /* FiveDayWeatherHourToWeatherHour.swift */; };
		854158592A2FCEA2002DA57B /* VForm.swift in Sources */ = {isa = PBXBuildFile; fileRef = 85E535BE2A22933E00C3093B /* VForm.swift */; };
		8541585A2A2FCEA2002DA57B /* String+iconToImage.swift in Sources */ = {isa = PBXBuildFile; fileRef = 85C8A8A429F6E2CB002258E7 /* String+iconToImage.swift */; };
		8541585B2A2FCEA2002DA57B /* Collection+safe.swift in Sources */ = {isa = PBXBuildFile; fileRef = 85CD0C502A0FF82E00E531FD /* Collection+safe.swift */; };
		8541585C2A2FCEA2002DA57B /* WeatherViews.swift in Sources */ = {isa = PBXBuildFile; fileRef = 85D6D3AF29F514E10080FB54 /* WeatherViews.swift */; };
		8541585D2A2FCEA2002DA57B /* SettingsView.swift in Sources */ = {isa = PBXBuildFile; fileRef = 859B35BA29F1C8B000D63031 /* SettingsView.swift */; };
		8541585E2A2FCEA2002DA57B /* Helpers.swift in Sources */ = {isa = PBXBuildFile; fileRef = 859ABA0C29ED49F8004246A3 /* Helpers.swift */; };
		8541585F2A2FCEA2002DA57B /* FiveDayWeatherHour.swift in Sources */ = {isa = PBXBuildFile; fileRef = 858EA0B229F8F1BF0021EAAC /* FiveDayWeatherHour.swift */; };
		854158602A2FCEA2002DA57B /* Int+toTimestamp.swift in Sources */ = {isa = PBXBuildFile; fileRef = 8574129229F5859600CFC20F /* Int+toTimestamp.swift */; };
		854158612A2FCEA2002DA57B /* DegreesToCompassName.swift in Sources */ = {isa = PBXBuildFile; fileRef = 85391EAB2A0FA638005A0F5C /* DegreesToCompassName.swift */; };
		854158622A2FCEA2002DA57B /* WeatherData.swift in Sources */ = {isa = PBXBuildFile; fileRef = 85FE6B5F2A0C17F3003F7F1C /* WeatherData.swift */; };
		854158632A2FCEA2002DA57B /* String+iconToBackground.swift in Sources */ = {isa = PBXBuildFile; fileRef = 85E535C02A2318D300C3093B /* String+iconToBackground.swift */; };
		854158642A2FCEA2002DA57B /* SineLine.swift in Sources */ = {isa = PBXBuildFile; fileRef = 85E7420A2A0806C20026C647 /* SineLine.swift */; };
		854158652A2FCEA2002DA57B /* Locations.swift in Sources */ = {isa = PBXBuildFile; fileRef = 85CD0C5A2A10B03700E531FD /* Locations.swift */; };
		854158662A2FCEA2002DA57B /* Float+removeZeros.swift in Sources */ = {isa = PBXBuildFile; fileRef = 858EA0C529FADDB80021EAAC /* Float+removeZeros.swift */; };
		854158672A2FCEA2002DA57B /* WeatherHour.swift in Sources */ = {isa = PBXBuildFile; fileRef = 859B35C229F3C24B00D63031 /* WeatherHour.swift */; };
		854158682A2FCEA2002DA57B /* Commands.swift in Sources */ = {isa = PBXBuildFile; fileRef = 853862D12A29152900F4C947 /* Commands.swift */; };
		854158692A2FCEA2002DA57B /* WeatherView.swift in Sources */ = {isa = PBXBuildFile; fileRef = 859AB9E329ED43E8004246A3 /* WeatherView.swift */; };
		8541586A2A2FCEA2002DA57B /* IconImage.swift in Sources */ = {isa = PBXBuildFile; fileRef = 85C9E64729F871600025BD42 /* IconImage.swift */; };
		8541586B2A2FCEA2002DA57B /* WeatherMinute.swift in Sources */ = {isa = PBXBuildFile; fileRef = 85D8F2E42A0ADB0600DA179C /* WeatherMinute.swift */; };
		8541586C2A2FCEA2002DA57B /* Location.swift in Sources */ = {isa = PBXBuildFile; fileRef = 85D90D982A0F5D0200B9674A /* Location.swift */; };
		8541586D2A2FCEA2002DA57B /* WeatherDescription.swift in Sources */ = {isa = PBXBuildFile; fileRef = 859B35C429F3C28300D63031 /* WeatherDescription.swift */; };
		8541586E2A2FCEA2002DA57B /* WeatherDetailHStack.swift in Sources */ = {isa = PBXBuildFile; fileRef = 854AB8272A23632000F70E8A /* WeatherDetailHStack.swift */; };
		8541586F2A2FCEA2002DA57B /* WeatherDayDaily.swift in Sources */ = {isa = PBXBuildFile; fileRef = 85E535B72A21D59E00C3093B /* WeatherDayDaily.swift */; };
		854158712A2FCEA2002DA57B /* WeatherDay.swift in Sources */ = {isa = PBXBuildFile; fileRef = 85C8A89F29F59E08002258E7 /* WeatherDay.swift */; };
		854158722A2FCEA2002DA57B /* String+remove.swift in Sources */ = {isa = PBXBuildFile; fileRef = 859B35BF29F2FC9900D63031 /* String+remove.swift */; };
		854158732A2FCEA2002DA57B /* SidebarItemView.swift in Sources */ = {isa = PBXBuildFile; fileRef = 85EB22242A29F50100E7A926 /* SidebarItemView.swift */; };
		854158742A2FCEA2002DA57B /* HourItemView.swift in Sources */ = {isa = PBXBuildFile; fileRef = 858EA0BF29F9B0FE0021EAAC /* HourItemView.swift */; };
		854158752A2FCEA2002DA57B /* WeatherDetailViews.swift in Sources */ = {isa = PBXBuildFile; fileRef = 850B7C012A0ED22000CEEBAA /* WeatherDetailViews.swift */; };
		854158762A2FCEA2002DA57B /* FeelsLikeDaily.swift in Sources */ = {isa = PBXBuildFile; fileRef = 85E535BB2A21D86E00C3093B /* FeelsLikeDaily.swift */; };
		854158772A2FCEA2002DA57B /* Output.swift in Sources */ = {isa = PBXBuildFile; fileRef = 85C9E60C29F83F460025BD42 /* Output.swift */; };
		854158782A2FCEA2002DA57B /* Type+toString.swift in Sources */ = {isa = PBXBuildFile; fileRef = 852442782A1FFC9800A501B1 /* Type+toString.swift */; };
		854158792A2FCEA2002DA57B /* WeatherMainView.swift in Sources */ = {isa = PBXBuildFile; fileRef = 85D90D9A2A0F5FC400B9674A /* WeatherMainView.swift */; };
		8541587A2A2FCEA2002DA57B /* Int+getProperDateWord.swift in Sources */ = {isa = PBXBuildFile; fileRef = 858EA0CC29FC35130021EAAC /* Int+getProperDateWord.swift */; };
		8541587B2A2FCEA2002DA57B /* MultipleDayLoading.swift in Sources */ = {isa = PBXBuildFile; fileRef = 85730EA929EF360A001DB918 /* MultipleDayLoading.swift */; };
		8541587C2A2FCEA2002DA57B /* WeatherAlert.swift in Sources */ = {isa = PBXBuildFile; fileRef = 850B7C032A0ED74C00CEEBAA /* WeatherAlert.swift */; };
		8541587F2A2FD082002DA57B /* WidgetView.swift in Sources */ = {isa = PBXBuildFile; fileRef = 8541587E2A2FD082002DA57B /* WidgetView.swift */; };
		854158802A30511B002DA57B /* WidgetView.swift in Sources */ = {isa = PBXBuildFile; fileRef = 8541587E2A2FD082002DA57B /* WidgetView.swift */; };
		854158822A3052F3002DA57B /* Assets.xcassets in Resources */ = {isa = PBXBuildFile; fileRef = 859AB9E529ED43E9004246A3 /* Assets.xcassets */; };
		854AB8282A23632000F70E8A /* WeatherDetailHStack.swift in Sources */ = {isa = PBXBuildFile; fileRef = 854AB8272A23632000F70E8A /* WeatherDetailHStack.swift */; };
		85730EA829EEFFF7001DB918 /* README.md in Resources */ = {isa = PBXBuildFile; fileRef = 85730EA729EEFFF7001DB918 /* README.md */; };
		85730EAA29EF360A001DB918 /* MultipleDayLoading.swift in Sources */ = {isa = PBXBuildFile; fileRef = 85730EA929EF360A001DB918 /* MultipleDayLoading.swift */; };
		8574129329F5859600CFC20F /* Int+toTimestamp.swift in Sources */ = {isa = PBXBuildFile; fileRef = 8574129229F5859600CFC20F /* Int+toTimestamp.swift */; };
		85745D542A3590CA00089AAB /* WeatherSave.swift in Sources */ = {isa = PBXBuildFile; fileRef = 85745D532A3590CA00089AAB /* WeatherSave.swift */; };
		85745D552A3590CA00089AAB /* WeatherSave.swift in Sources */ = {isa = PBXBuildFile; fileRef = 85745D532A3590CA00089AAB /* WeatherSave.swift */; };
		85745D572A3593BB00089AAB /* WeatherSaveInstance.swift in Sources */ = {isa = PBXBuildFile; fileRef = 85745D562A3593BB00089AAB /* WeatherSaveInstance.swift */; };
		85745D582A3593BB00089AAB /* WeatherSaveInstance.swift in Sources */ = {isa = PBXBuildFile; fileRef = 85745D562A3593BB00089AAB /* WeatherSaveInstance.swift */; };
		85891B1E2A323963009A90D5 /* Preview Content.xcassets in Resources */ = {isa = PBXBuildFile; fileRef = 85891B1D2A323963009A90D5 /* Preview Content.xcassets */; };
		858EA0B329F8F1BF0021EAAC /* FiveDayWeatherHour.swift in Sources */ = {isa = PBXBuildFile; fileRef = 858EA0B229F8F1BF0021EAAC /* FiveDayWeatherHour.swift */; };
		858EA0C029F9B0FE0021EAAC /* HourItemView.swift in Sources */ = {isa = PBXBuildFile; fileRef = 858EA0BF29F9B0FE0021EAAC /* HourItemView.swift */; };
		858EA0C629FADDB80021EAAC /* Float+removeZeros.swift in Sources */ = {isa = PBXBuildFile; fileRef = 858EA0C529FADDB80021EAAC /* Float+removeZeros.swift */; };
		858EA0C929FADFDA0021EAAC /* FiveDayWeatherHourToWeatherHour.swift in Sources */ = {isa = PBXBuildFile; fileRef = 858EA0C829FADFDA0021EAAC /* FiveDayWeatherHourToWeatherHour.swift */; };
		858EA0CD29FC35140021EAAC /* Int+getProperDateWord.swift in Sources */ = {isa = PBXBuildFile; fileRef = 858EA0CC29FC35130021EAAC /* Int+getProperDateWord.swift */; };
		859AB9E229ED43E8004246A3 /* WeatherApp.swift in Sources */ = {isa = PBXBuildFile; fileRef = 859AB9E129ED43E8004246A3 /* WeatherApp.swift */; };
		859AB9E429ED43E8004246A3 /* WeatherView.swift in Sources */ = {isa = PBXBuildFile; fileRef = 859AB9E329ED43E8004246A3 /* WeatherView.swift */; };
		859AB9E629ED43E9004246A3 /* Assets.xcassets in Resources */ = {isa = PBXBuildFile; fileRef = 859AB9E529ED43E9004246A3 /* Assets.xcassets */; };
		859AB9F429ED43E9004246A3 /* WeatherTests.swift in Sources */ = {isa = PBXBuildFile; fileRef = 859AB9F329ED43E9004246A3 /* WeatherTests.swift */; };
		859AB9FE29ED43E9004246A3 /* WeatherUITests.swift in Sources */ = {isa = PBXBuildFile; fileRef = 859AB9FD29ED43E9004246A3 /* WeatherUITests.swift */; };
		859ABA0029ED43E9004246A3 /* WeatherUITestsLaunchTests.swift in Sources */ = {isa = PBXBuildFile; fileRef = 859AB9FF29ED43E9004246A3 /* WeatherUITestsLaunchTests.swift */; };
		859ABA0D29ED49F8004246A3 /* Helpers.swift in Sources */ = {isa = PBXBuildFile; fileRef = 859ABA0C29ED49F8004246A3 /* Helpers.swift */; };
		859B35BB29F1C8B000D63031 /* SettingsView.swift in Sources */ = {isa = PBXBuildFile; fileRef = 859B35BA29F1C8B000D63031 /* SettingsView.swift */; };
		859B35C029F2FC9900D63031 /* String+remove.swift in Sources */ = {isa = PBXBuildFile; fileRef = 859B35BF29F2FC9900D63031 /* String+remove.swift */; };
		859B35C329F3C24B00D63031 /* WeatherHour.swift in Sources */ = {isa = PBXBuildFile; fileRef = 859B35C229F3C24B00D63031 /* WeatherHour.swift */; };
		859B35C529F3C28300D63031 /* WeatherDescription.swift in Sources */ = {isa = PBXBuildFile; fileRef = 859B35C429F3C28300D63031 /* WeatherDescription.swift */; };
		85C8A8A029F59E08002258E7 /* WeatherDay.swift in Sources */ = {isa = PBXBuildFile; fileRef = 85C8A89F29F59E08002258E7 /* WeatherDay.swift */; };
		85C8A8A229F59E16002258E7 /* WeatherForecast.swift in Sources */ = {isa = PBXBuildFile; fileRef = 85C8A8A129F59E16002258E7 /* WeatherForecast.swift */; };
		85C8A8A529F6E2CB002258E7 /* String+iconToImage.swift in Sources */ = {isa = PBXBuildFile; fileRef = 85C8A8A429F6E2CB002258E7 /* String+iconToImage.swift */; };
		85C9E60D29F83F460025BD42 /* Output.swift in Sources */ = {isa = PBXBuildFile; fileRef = 85C9E60C29F83F460025BD42 /* Output.swift */; };
		85C9E64829F871600025BD42 /* IconImage.swift in Sources */ = {isa = PBXBuildFile; fileRef = 85C9E64729F871600025BD42 /* IconImage.swift */; };
		85CD0C512A0FF82E00E531FD /* Collection+safe.swift in Sources */ = {isa = PBXBuildFile; fileRef = 85CD0C502A0FF82E00E531FD /* Collection+safe.swift */; };
		85CD0C582A10305B00E531FD /* Save.swift in Sources */ = {isa = PBXBuildFile; fileRef = 85CD0C572A10305B00E531FD /* Save.swift */; };
		85CD0C5B2A10B03700E531FD /* Locations.swift in Sources */ = {isa = PBXBuildFile; fileRef = 85CD0C5A2A10B03700E531FD /* Locations.swift */; };
		85D6D3B029F514E10080FB54 /* WeatherViews.swift in Sources */ = {isa = PBXBuildFile; fileRef = 85D6D3AF29F514E10080FB54 /* WeatherViews.swift */; };
		85D6D3B229F51B5B0080FB54 /* Float+toInt.swift in Sources */ = {isa = PBXBuildFile; fileRef = 85D6D3B129F51B5B0080FB54 /* Float+toInt.swift */; };
		85D8F2E52A0ADB0600DA179C /* WeatherMinute.swift in Sources */ = {isa = PBXBuildFile; fileRef = 85D8F2E42A0ADB0600DA179C /* WeatherMinute.swift */; };
		85D90D992A0F5D0200B9674A /* Location.swift in Sources */ = {isa = PBXBuildFile; fileRef = 85D90D982A0F5D0200B9674A /* Location.swift */; };
		85D90D9B2A0F5FC400B9674A /* WeatherMainView.swift in Sources */ = {isa = PBXBuildFile; fileRef = 85D90D9A2A0F5FC400B9674A /* WeatherMainView.swift */; };
		85E535B82A21D59E00C3093B /* WeatherDayDaily.swift in Sources */ = {isa = PBXBuildFile; fileRef = 85E535B72A21D59E00C3093B /* WeatherDayDaily.swift */; };
		85E535BA2A21D6B000C3093B /* TemperatureDaily.swift in Sources */ = {isa = PBXBuildFile; fileRef = 85E535B92A21D6B000C3093B /* TemperatureDaily.swift */; };
		85E535BC2A21D86E00C3093B /* FeelsLikeDaily.swift in Sources */ = {isa = PBXBuildFile; fileRef = 85E535BB2A21D86E00C3093B /* FeelsLikeDaily.swift */; };
		85E535BF2A22933E00C3093B /* VForm.swift in Sources */ = {isa = PBXBuildFile; fileRef = 85E535BE2A22933E00C3093B /* VForm.swift */; };
		85E535C12A2318D300C3093B /* String+iconToBackground.swift in Sources */ = {isa = PBXBuildFile; fileRef = 85E535C02A2318D300C3093B /* String+iconToBackground.swift */; };
		85E7420B2A0806C20026C647 /* SineLine.swift in Sources */ = {isa = PBXBuildFile; fileRef = 85E7420A2A0806C20026C647 /* SineLine.swift */; };
		85EB22252A29F50100E7A926 /* SidebarItemView.swift in Sources */ = {isa = PBXBuildFile; fileRef = 85EB22242A29F50100E7A926 /* SidebarItemView.swift */; };
		85FE6B602A0C17F3003F7F1C /* WeatherData.swift in Sources */ = {isa = PBXBuildFile; fileRef = 85FE6B5F2A0C17F3003F7F1C /* WeatherData.swift */; };
/* End PBXBuildFile section */

/* Begin PBXContainerItemProxy section */
		8541584A2A2FCE49002DA57B /* PBXContainerItemProxy */ = {
			isa = PBXContainerItemProxy;
			containerPortal = 859AB9D629ED43E7004246A3 /* Project object */;
			proxyType = 1;
			remoteGlobalIDString = 854158392A2FCE47002DA57B;
			remoteInfo = WorldWideWeatherWidgetExtension;
		};
		859AB9F029ED43E9004246A3 /* PBXContainerItemProxy */ = {
			isa = PBXContainerItemProxy;
			containerPortal = 859AB9D629ED43E7004246A3 /* Project object */;
			proxyType = 1;
			remoteGlobalIDString = 859AB9DD29ED43E8004246A3;
			remoteInfo = Weather;
		};
		859AB9FA29ED43E9004246A3 /* PBXContainerItemProxy */ = {
			isa = PBXContainerItemProxy;
			containerPortal = 859AB9D629ED43E7004246A3 /* Project object */;
			proxyType = 1;
			remoteGlobalIDString = 859AB9DD29ED43E8004246A3;
			remoteInfo = Weather;
		};
/* End PBXContainerItemProxy section */

/* Begin PBXCopyFilesBuildPhase section */
		854158502A2FCE49002DA57B /* Embed Foundation Extensions */ = {
			isa = PBXCopyFilesBuildPhase;
			buildActionMask = 2147483647;
			dstPath = "";
			dstSubfolderSpec = 13;
			files = (
				8541584C2A2FCE49002DA57B /* WorldWideWeatherWidgetExtension.appex in Embed Foundation Extensions */,
			);
			name = "Embed Foundation Extensions";
			runOnlyForDeploymentPostprocessing = 0;
		};
/* End PBXCopyFilesBuildPhase section */

/* Begin PBXFileReference section */
		850B7C012A0ED22000CEEBAA /* WeatherDetailViews.swift */ = {isa = PBXFileReference; lastKnownFileType = sourcecode.swift; path = WeatherDetailViews.swift; sourceTree = "<group>"; };
		850B7C032A0ED74C00CEEBAA /* WeatherAlert.swift */ = {isa = PBXFileReference; lastKnownFileType = sourcecode.swift; path = WeatherAlert.swift; sourceTree = "<group>"; };
		852442782A1FFC9800A501B1 /* Type+toString.swift */ = {isa = PBXFileReference; lastKnownFileType = sourcecode.swift; path = "Type+toString.swift"; sourceTree = "<group>"; };
		853862D12A29152900F4C947 /* Commands.swift */ = {isa = PBXFileReference; lastKnownFileType = sourcecode.swift; path = Commands.swift; sourceTree = "<group>"; };
		853862D32A29BD9400F4C947 /* WeatherToolbarViews.swift */ = {isa = PBXFileReference; lastKnownFileType = sourcecode.swift; path = WeatherToolbarViews.swift; sourceTree = "<group>"; };
		853862D72A29C2A000F4C947 /* MapForm.swift */ = {isa = PBXFileReference; lastKnownFileType = sourcecode.swift; path = MapForm.swift; sourceTree = "<group>"; };
		85391EAB2A0FA638005A0F5C /* DegreesToCompassName.swift */ = {isa = PBXFileReference; lastKnownFileType = sourcecode.swift; path = DegreesToCompassName.swift; sourceTree = "<group>"; };
		854158342A2FC85E002DA57B /* SwiftyJSON.swift */ = {isa = PBXFileReference; lastKnownFileType = sourcecode.swift; path = SwiftyJSON.swift; sourceTree = "<group>"; };
		8541583A2A2FCE47002DA57B /* WorldWideWeatherWidgetExtension.appex */ = {isa = PBXFileReference; explicitFileType = "wrapper.app-extension"; includeInIndex = 0; path = WorldWideWeatherWidgetExtension.appex; sourceTree = BUILT_PRODUCTS_DIR; };
		8541583C2A2FCE47002DA57B /* WidgetKit.framework */ = {isa = PBXFileReference; lastKnownFileType = wrapper.framework; name = WidgetKit.framework; path = System/Library/Frameworks/WidgetKit.framework; sourceTree = SDKROOT; };
		8541583E2A2FCE47002DA57B /* SwiftUI.framework */ = {isa = PBXFileReference; lastKnownFileType = wrapper.framework; name = SwiftUI.framework; path = System/Library/Frameworks/SwiftUI.framework; sourceTree = SDKROOT; };
		854158412A2FCE47002DA57B /* WorldWideWeatherWidget.swift */ = {isa = PBXFileReference; lastKnownFileType = sourcecode.swift; path = WorldWideWeatherWidget.swift; sourceTree = "<group>"; };
		854158432A2FCE47002DA57B /* WorldWideWeatherWidget.intentdefinition */ = {isa = PBXFileReference; lastKnownFileType = file.intentdefinition; path = WorldWideWeatherWidget.intentdefinition; sourceTree = "<group>"; };
		854158462A2FCE49002DA57B /* Info.plist */ = {isa = PBXFileReference; lastKnownFileType = text.plist.xml; path = Info.plist; sourceTree = "<group>"; };
		854158472A2FCE49002DA57B /* WorldWideWeatherWidget.entitlements */ = {isa = PBXFileReference; lastKnownFileType = text.plist.entitlements; path = WorldWideWeatherWidget.entitlements; sourceTree = "<group>"; };
		8541587E2A2FD082002DA57B /* WidgetView.swift */ = {isa = PBXFileReference; lastKnownFileType = sourcecode.swift; path = WidgetView.swift; sourceTree = "<group>"; };
		854158832A30FA2B002DA57B /* WorldWideWeatherWidgetExtensionRelease.entitlements */ = {isa = PBXFileReference; lastKnownFileType = text.plist.entitlements; path = WorldWideWeatherWidgetExtensionRelease.entitlements; sourceTree = "<group>"; };
		854AB8272A23632000F70E8A /* WeatherDetailHStack.swift */ = {isa = PBXFileReference; lastKnownFileType = sourcecode.swift; path = WeatherDetailHStack.swift; sourceTree = "<group>"; };
		85730EA729EEFFF7001DB918 /* README.md */ = {isa = PBXFileReference; lastKnownFileType = net.daringfireball.markdown; path = README.md; sourceTree = "<group>"; };
		85730EA929EF360A001DB918 /* MultipleDayLoading.swift */ = {isa = PBXFileReference; lastKnownFileType = sourcecode.swift; path = MultipleDayLoading.swift; sourceTree = "<group>"; };
		8574129229F5859600CFC20F /* Int+toTimestamp.swift */ = {isa = PBXFileReference; lastKnownFileType = sourcecode.swift; path = "Int+toTimestamp.swift"; sourceTree = "<group>"; };
		85745D532A3590CA00089AAB /* WeatherSave.swift */ = {isa = PBXFileReference; lastKnownFileType = sourcecode.swift; path = WeatherSave.swift; sourceTree = "<group>"; };
		85745D562A3593BB00089AAB /* WeatherSaveInstance.swift */ = {isa = PBXFileReference; lastKnownFileType = sourcecode.swift; path = WeatherSaveInstance.swift; sourceTree = "<group>"; };
		85891B1D2A323963009A90D5 /* Preview Content.xcassets */ = {isa = PBXFileReference; lastKnownFileType = folder.assetcatalog; path = "Preview Content.xcassets"; sourceTree = "<group>"; };
		858EA0B229F8F1BF0021EAAC /* FiveDayWeatherHour.swift */ = {isa = PBXFileReference; lastKnownFileType = sourcecode.swift; path = FiveDayWeatherHour.swift; sourceTree = "<group>"; };
		858EA0BF29F9B0FE0021EAAC /* HourItemView.swift */ = {isa = PBXFileReference; lastKnownFileType = sourcecode.swift; path = HourItemView.swift; sourceTree = "<group>"; };
		858EA0C529FADDB80021EAAC /* Float+removeZeros.swift */ = {isa = PBXFileReference; lastKnownFileType = sourcecode.swift; path = "Float+removeZeros.swift"; sourceTree = "<group>"; };
		858EA0C829FADFDA0021EAAC /* FiveDayWeatherHourToWeatherHour.swift */ = {isa = PBXFileReference; lastKnownFileType = sourcecode.swift; path = FiveDayWeatherHourToWeatherHour.swift; sourceTree = "<group>"; };
		858EA0CC29FC35130021EAAC /* Int+getProperDateWord.swift */ = {isa = PBXFileReference; lastKnownFileType = sourcecode.swift; path = "Int+getProperDateWord.swift"; sourceTree = "<group>"; };
		859AB9DE29ED43E8004246A3 /* World Wide Weather.app */ = {isa = PBXFileReference; explicitFileType = wrapper.application; includeInIndex = 0; path = "World Wide Weather.app"; sourceTree = BUILT_PRODUCTS_DIR; };
		859AB9E129ED43E8004246A3 /* WeatherApp.swift */ = {isa = PBXFileReference; lastKnownFileType = sourcecode.swift; path = WeatherApp.swift; sourceTree = "<group>"; };
		859AB9E329ED43E8004246A3 /* WeatherView.swift */ = {isa = PBXFileReference; lastKnownFileType = sourcecode.swift; path = WeatherView.swift; sourceTree = "<group>"; };
		859AB9E529ED43E9004246A3 /* Assets.xcassets */ = {isa = PBXFileReference; lastKnownFileType = folder.assetcatalog; path = Assets.xcassets; sourceTree = "<group>"; };
		859AB9EA29ED43E9004246A3 /* Weather.entitlements */ = {isa = PBXFileReference; lastKnownFileType = text.plist.entitlements; path = Weather.entitlements; sourceTree = "<group>"; };
		859AB9EF29ED43E9004246A3 /* WeatherTests.xctest */ = {isa = PBXFileReference; explicitFileType = wrapper.cfbundle; includeInIndex = 0; path = WeatherTests.xctest; sourceTree = BUILT_PRODUCTS_DIR; };
		859AB9F329ED43E9004246A3 /* WeatherTests.swift */ = {isa = PBXFileReference; lastKnownFileType = sourcecode.swift; path = WeatherTests.swift; sourceTree = "<group>"; };
		859AB9F929ED43E9004246A3 /* WeatherUITests.xctest */ = {isa = PBXFileReference; explicitFileType = wrapper.cfbundle; includeInIndex = 0; path = WeatherUITests.xctest; sourceTree = BUILT_PRODUCTS_DIR; };
		859AB9FD29ED43E9004246A3 /* WeatherUITests.swift */ = {isa = PBXFileReference; lastKnownFileType = sourcecode.swift; path = WeatherUITests.swift; sourceTree = "<group>"; };
		859AB9FF29ED43E9004246A3 /* WeatherUITestsLaunchTests.swift */ = {isa = PBXFileReference; lastKnownFileType = sourcecode.swift; path = WeatherUITestsLaunchTests.swift; sourceTree = "<group>"; };
		859ABA0C29ED49F8004246A3 /* Helpers.swift */ = {isa = PBXFileReference; lastKnownFileType = sourcecode.swift; path = Helpers.swift; sourceTree = "<group>"; };
		859B35BA29F1C8B000D63031 /* SettingsView.swift */ = {isa = PBXFileReference; lastKnownFileType = sourcecode.swift; path = SettingsView.swift; sourceTree = "<group>"; };
		859B35BF29F2FC9900D63031 /* String+remove.swift */ = {isa = PBXFileReference; lastKnownFileType = sourcecode.swift; path = "String+remove.swift"; sourceTree = "<group>"; };
		859B35C229F3C24B00D63031 /* WeatherHour.swift */ = {isa = PBXFileReference; lastKnownFileType = sourcecode.swift; path = WeatherHour.swift; sourceTree = "<group>"; };
		859B35C429F3C28300D63031 /* WeatherDescription.swift */ = {isa = PBXFileReference; lastKnownFileType = sourcecode.swift; path = WeatherDescription.swift; sourceTree = "<group>"; };
		85C8A89F29F59E08002258E7 /* WeatherDay.swift */ = {isa = PBXFileReference; lastKnownFileType = sourcecode.swift; path = WeatherDay.swift; sourceTree = "<group>"; };
		85C8A8A129F59E16002258E7 /* WeatherForecast.swift */ = {isa = PBXFileReference; lastKnownFileType = sourcecode.swift; path = WeatherForecast.swift; sourceTree = "<group>"; };
		85C8A8A429F6E2CB002258E7 /* String+iconToImage.swift */ = {isa = PBXFileReference; lastKnownFileType = sourcecode.swift; path = "String+iconToImage.swift"; sourceTree = "<group>"; };
		85C9E60C29F83F460025BD42 /* Output.swift */ = {isa = PBXFileReference; lastKnownFileType = sourcecode.swift; path = Output.swift; sourceTree = "<group>"; };
		85C9E64729F871600025BD42 /* IconImage.swift */ = {isa = PBXFileReference; lastKnownFileType = sourcecode.swift; path = IconImage.swift; sourceTree = "<group>"; };
		85CD0C502A0FF82E00E531FD /* Collection+safe.swift */ = {isa = PBXFileReference; lastKnownFileType = sourcecode.swift; path = "Collection+safe.swift"; sourceTree = "<group>"; };
		85CD0C572A10305B00E531FD /* Save.swift */ = {isa = PBXFileReference; lastKnownFileType = sourcecode.swift; path = Save.swift; sourceTree = "<group>"; };
		85CD0C5A2A10B03700E531FD /* Locations.swift */ = {isa = PBXFileReference; lastKnownFileType = sourcecode.swift; path = Locations.swift; sourceTree = "<group>"; };
		85D6D3AF29F514E10080FB54 /* WeatherViews.swift */ = {isa = PBXFileReference; lastKnownFileType = sourcecode.swift; path = WeatherViews.swift; sourceTree = "<group>"; };
		85D6D3B129F51B5B0080FB54 /* Float+toInt.swift */ = {isa = PBXFileReference; lastKnownFileType = sourcecode.swift; path = "Float+toInt.swift"; sourceTree = "<group>"; };
		85D8F2E42A0ADB0600DA179C /* WeatherMinute.swift */ = {isa = PBXFileReference; lastKnownFileType = sourcecode.swift; path = WeatherMinute.swift; sourceTree = "<group>"; };
		85D90D982A0F5D0200B9674A /* Location.swift */ = {isa = PBXFileReference; lastKnownFileType = sourcecode.swift; path = Location.swift; sourceTree = "<group>"; };
		85D90D9A2A0F5FC400B9674A /* WeatherMainView.swift */ = {isa = PBXFileReference; lastKnownFileType = sourcecode.swift; path = WeatherMainView.swift; sourceTree = "<group>"; };
		85D90D9C2A0F80EB00B9674A /* LICENSE.md */ = {isa = PBXFileReference; lastKnownFileType = net.daringfireball.markdown; path = LICENSE.md; sourceTree = "<group>"; };
		85E535B72A21D59E00C3093B /* WeatherDayDaily.swift */ = {isa = PBXFileReference; lastKnownFileType = sourcecode.swift; path = WeatherDayDaily.swift; sourceTree = "<group>"; };
		85E535B92A21D6B000C3093B /* TemperatureDaily.swift */ = {isa = PBXFileReference; lastKnownFileType = sourcecode.swift; path = TemperatureDaily.swift; sourceTree = "<group>"; };
		85E535BB2A21D86E00C3093B /* FeelsLikeDaily.swift */ = {isa = PBXFileReference; lastKnownFileType = sourcecode.swift; path = FeelsLikeDaily.swift; sourceTree = "<group>"; };
		85E535BE2A22933E00C3093B /* VForm.swift */ = {isa = PBXFileReference; lastKnownFileType = sourcecode.swift; path = VForm.swift; sourceTree = "<group>"; };
		85E535C02A2318D300C3093B /* String+iconToBackground.swift */ = {isa = PBXFileReference; lastKnownFileType = sourcecode.swift; path = "String+iconToBackground.swift"; sourceTree = "<group>"; };
		85E7420A2A0806C20026C647 /* SineLine.swift */ = {isa = PBXFileReference; lastKnownFileType = sourcecode.swift; path = SineLine.swift; sourceTree = "<group>"; };
		85EB22242A29F50100E7A926 /* SidebarItemView.swift */ = {isa = PBXFileReference; lastKnownFileType = sourcecode.swift; path = SidebarItemView.swift; sourceTree = "<group>"; };
		85FE6B5F2A0C17F3003F7F1C /* WeatherData.swift */ = {isa = PBXFileReference; lastKnownFileType = sourcecode.swift; path = WeatherData.swift; sourceTree = "<group>"; };
/* End PBXFileReference section */

/* Begin PBXFrameworksBuildPhase section */
		854158372A2FCE47002DA57B /* Frameworks */ = {
			isa = PBXFrameworksBuildPhase;
			buildActionMask = 2147483647;
			files = (
				8541583F2A2FCE47002DA57B /* SwiftUI.framework in Frameworks */,
				8541583D2A2FCE47002DA57B /* WidgetKit.framework in Frameworks */,
			);
			runOnlyForDeploymentPostprocessing = 0;
		};
		859AB9DB29ED43E8004246A3 /* Frameworks */ = {
			isa = PBXFrameworksBuildPhase;
			buildActionMask = 2147483647;
			files = (
			);
			runOnlyForDeploymentPostprocessing = 0;
		};
		859AB9EC29ED43E9004246A3 /* Frameworks */ = {
			isa = PBXFrameworksBuildPhase;
			buildActionMask = 2147483647;
			files = (
			);
			runOnlyForDeploymentPostprocessing = 0;
		};
		859AB9F629ED43E9004246A3 /* Frameworks */ = {
			isa = PBXFrameworksBuildPhase;
			buildActionMask = 2147483647;
			files = (
			);
			runOnlyForDeploymentPostprocessing = 0;
		};
/* End PBXFrameworksBuildPhase section */

/* Begin PBXGroup section */
		853862D02A29151F00F4C947 /* Commands */ = {
			isa = PBXGroup;
			children = (
				853862D12A29152900F4C947 /* Commands.swift */,
			);
			path = Commands;
			sourceTree = "<group>";
		};
		854158332A2FC849002DA57B /* SwiftyJSON */ = {
			isa = PBXGroup;
			children = (
				854158342A2FC85E002DA57B /* SwiftyJSON.swift */,
			);
			path = SwiftyJSON;
			sourceTree = "<group>";
		};
		8541583B2A2FCE47002DA57B /* Frameworks */ = {
			isa = PBXGroup;
			children = (
				8541583C2A2FCE47002DA57B /* WidgetKit.framework */,
				8541583E2A2FCE47002DA57B /* SwiftUI.framework */,
			);
			name = Frameworks;
			sourceTree = "<group>";
		};
		854158402A2FCE47002DA57B /* WorldWideWeatherWidget */ = {
			isa = PBXGroup;
			children = (
				854158412A2FCE47002DA57B /* WorldWideWeatherWidget.swift */,
				854158432A2FCE47002DA57B /* WorldWideWeatherWidget.intentdefinition */,
				854158462A2FCE49002DA57B /* Info.plist */,
				854158472A2FCE49002DA57B /* WorldWideWeatherWidget.entitlements */,
				8541587E2A2FD082002DA57B /* WidgetView.swift */,
			);
			path = WorldWideWeatherWidget;
			sourceTree = "<group>";
		};
		85730EA029ED97EA001DB918 /* Extensions */ = {
			isa = PBXGroup;
			children = (
				85C8A8A429F6E2CB002258E7 /* String+iconToImage.swift */,
				859B35BF29F2FC9900D63031 /* String+remove.swift */,
				85D6D3B129F51B5B0080FB54 /* Float+toInt.swift */,
				8574129229F5859600CFC20F /* Int+toTimestamp.swift */,
				858EA0C529FADDB80021EAAC /* Float+removeZeros.swift */,
				858EA0CC29FC35130021EAAC /* Int+getProperDateWord.swift */,
				85CD0C502A0FF82E00E531FD /* Collection+safe.swift */,
				852442782A1FFC9800A501B1 /* Type+toString.swift */,
				85E535C02A2318D300C3093B /* String+iconToBackground.swift */,
			);
			path = Extensions;
			sourceTree = "<group>";
		};
		85891B1C2A32390F009A90D5 /* Preview Content */ = {
			isa = PBXGroup;
			children = (
				85891B1D2A323963009A90D5 /* Preview Content.xcassets */,
			);
			path = "Preview Content";
			sourceTree = "<group>";
		};
		858EA0C729FADFC50021EAAC /* Converters */ = {
			isa = PBXGroup;
			children = (
				858EA0C829FADFDA0021EAAC /* FiveDayWeatherHourToWeatherHour.swift */,
				85391EAB2A0FA638005A0F5C /* DegreesToCompassName.swift */,
			);
			path = Converters;
			sourceTree = "<group>";
		};
		859AB9D529ED43E7004246A3 = {
			isa = PBXGroup;
			children = (
				854158832A30FA2B002DA57B /* WorldWideWeatherWidgetExtensionRelease.entitlements */,
				85D90D9C2A0F80EB00B9674A /* LICENSE.md */,
				85730EA729EEFFF7001DB918 /* README.md */,
				859AB9E029ED43E8004246A3 /* Weather */,
				859AB9F229ED43E9004246A3 /* WeatherTests */,
				859AB9FC29ED43E9004246A3 /* WeatherUITests */,
				854158402A2FCE47002DA57B /* WorldWideWeatherWidget */,
				8541583B2A2FCE47002DA57B /* Frameworks */,
				859AB9DF29ED43E8004246A3 /* Products */,
			);
			sourceTree = "<group>";
		};
		859AB9DF29ED43E8004246A3 /* Products */ = {
			isa = PBXGroup;
			children = (
				859AB9DE29ED43E8004246A3 /* World Wide Weather.app */,
				859AB9EF29ED43E9004246A3 /* WeatherTests.xctest */,
				859AB9F929ED43E9004246A3 /* WeatherUITests.xctest */,
				8541583A2A2FCE47002DA57B /* WorldWideWeatherWidgetExtension.appex */,
			);
			name = Products;
			sourceTree = "<group>";
		};
		859AB9E029ED43E8004246A3 /* Weather */ = {
			isa = PBXGroup;
			children = (
				85891B1C2A32390F009A90D5 /* Preview Content */,
				85CD0C552A10301A00E531FD /* Utilities */,
				85CD0C522A102FC800E531FD /* Features */,
				859AB9E129ED43E8004246A3 /* WeatherApp.swift */,
				859AB9E329ED43E8004246A3 /* WeatherView.swift */,
				859AB9EA29ED43E9004246A3 /* Weather.entitlements */,
				859AB9E529ED43E9004246A3 /* Assets.xcassets */,
				859ABA0C29ED49F8004246A3 /* Helpers.swift */,
			);
			path = Weather;
			sourceTree = "<group>";
		};
		859AB9F229ED43E9004246A3 /* WeatherTests */ = {
			isa = PBXGroup;
			children = (
				859AB9F329ED43E9004246A3 /* WeatherTests.swift */,
			);
			path = WeatherTests;
			sourceTree = "<group>";
		};
		859AB9FC29ED43E9004246A3 /* WeatherUITests */ = {
			isa = PBXGroup;
			children = (
				859AB9FD29ED43E9004246A3 /* WeatherUITests.swift */,
				859AB9FF29ED43E9004246A3 /* WeatherUITestsLaunchTests.swift */,
			);
			path = WeatherUITests;
			sourceTree = "<group>";
		};
		859B35C129F3C22900D63031 /* Structs */ = {
			isa = PBXGroup;
			children = (
				85C9E60C29F83F460025BD42 /* Output.swift */,
				85D90D982A0F5D0200B9674A /* Location.swift */,
			);
			path = Structs;
			sourceTree = "<group>";
		};
		85CBA34429FFAB7C00A00251 /* Settings */ = {
			isa = PBXGroup;
			children = (
				859B35BA29F1C8B000D63031 /* SettingsView.swift */,
			);
			path = Settings;
			sourceTree = "<group>";
		};
		85CD0C522A102FC800E531FD /* Features */ = {
			isa = PBXGroup;
			children = (
				853862D02A29151F00F4C947 /* Commands */,
				85CD0C592A10309100E531FD /* WeatherViews */,
				85CD0C562A10304F00E531FD /* Saving */,
				85CD0C542A102FFB00E531FD /* WeatherViewHelpers */,
				85CD0C532A102FE000E531FD /* WeatherData */,
				859B35C129F3C22900D63031 /* Structs */,
				858EA0C729FADFC50021EAAC /* Converters */,
				85CBA34429FFAB7C00A00251 /* Settings */,
			);
			path = Features;
			sourceTree = "<group>";
		};
		85CD0C532A102FE000E531FD /* WeatherData */ = {
			isa = PBXGroup;
			children = (
				85730EA929EF360A001DB918 /* MultipleDayLoading.swift */,
				859B35C229F3C24B00D63031 /* WeatherHour.swift */,
				859B35C429F3C28300D63031 /* WeatherDescription.swift */,
				85C8A89F29F59E08002258E7 /* WeatherDay.swift */,
				85C8A8A129F59E16002258E7 /* WeatherForecast.swift */,
				858EA0B229F8F1BF0021EAAC /* FiveDayWeatherHour.swift */,
				85D8F2E42A0ADB0600DA179C /* WeatherMinute.swift */,
				85FE6B5F2A0C17F3003F7F1C /* WeatherData.swift */,
				850B7C032A0ED74C00CEEBAA /* WeatherAlert.swift */,
				85E535B72A21D59E00C3093B /* WeatherDayDaily.swift */,
				85E535B92A21D6B000C3093B /* TemperatureDaily.swift */,
				85E535BB2A21D86E00C3093B /* FeelsLikeDaily.swift */,
			);
			path = WeatherData;
			sourceTree = "<group>";
		};
		85CD0C542A102FFB00E531FD /* WeatherViewHelpers */ = {
			isa = PBXGroup;
			children = (
				85EB22242A29F50100E7A926 /* SidebarItemView.swift */,
				85E7420A2A0806C20026C647 /* SineLine.swift */,
				85C9E64729F871600025BD42 /* IconImage.swift */,
				858EA0BF29F9B0FE0021EAAC /* HourItemView.swift */,
				85D90D9A2A0F5FC400B9674A /* WeatherMainView.swift */,
			);
			path = WeatherViewHelpers;
			sourceTree = "<group>";
		};
		85CD0C552A10301A00E531FD /* Utilities */ = {
			isa = PBXGroup;
			children = (
				854158332A2FC849002DA57B /* SwiftyJSON */,
				85E535BD2A22932D00C3093B /* CustomViews */,
				85730EA029ED97EA001DB918 /* Extensions */,
			);
			path = Utilities;
			sourceTree = "<group>";
		};
		85CD0C562A10304F00E531FD /* Saving */ = {
			isa = PBXGroup;
			children = (
				85CD0C572A10305B00E531FD /* Save.swift */,
				85CD0C5A2A10B03700E531FD /* Locations.swift */,
				85745D532A3590CA00089AAB /* WeatherSave.swift */,
				85745D562A3593BB00089AAB /* WeatherSaveInstance.swift */,
			);
			path = Saving;
			sourceTree = "<group>";
		};
		85CD0C592A10309100E531FD /* WeatherViews */ = {
			isa = PBXGroup;
			children = (
				85D6D3AF29F514E10080FB54 /* WeatherViews.swift */,
				850B7C012A0ED22000CEEBAA /* WeatherDetailViews.swift */,
				853862D32A29BD9400F4C947 /* WeatherToolbarViews.swift */,
			);
			path = WeatherViews;
			sourceTree = "<group>";
		};
		85E535BD2A22932D00C3093B /* CustomViews */ = {
			isa = PBXGroup;
			children = (
				85E535BE2A22933E00C3093B /* VForm.swift */,
				854AB8272A23632000F70E8A /* WeatherDetailHStack.swift */,
				853862D72A29C2A000F4C947 /* MapForm.swift */,
			);
			path = CustomViews;
			sourceTree = "<group>";
		};
/* End PBXGroup section */

/* Begin PBXNativeTarget section */
		854158392A2FCE47002DA57B /* WorldWideWeatherWidgetExtension */ = {
			isa = PBXNativeTarget;
			buildConfigurationList = 8541584D2A2FCE49002DA57B /* Build configuration list for PBXNativeTarget "WorldWideWeatherWidgetExtension" */;
			buildPhases = (
				854158362A2FCE47002DA57B /* Sources */,
				854158372A2FCE47002DA57B /* Frameworks */,
				854158382A2FCE47002DA57B /* Resources */,
			);
			buildRules = (
			);
			dependencies = (
			);
			name = WorldWideWeatherWidgetExtension;
			productName = WorldWideWeatherWidgetExtension;
			productReference = 8541583A2A2FCE47002DA57B /* WorldWideWeatherWidgetExtension.appex */;
			productType = "com.apple.product-type.app-extension";
		};
		859AB9DD29ED43E8004246A3 /* World Wide Weather */ = {
			isa = PBXNativeTarget;
			buildConfigurationList = 859ABA0329ED43E9004246A3 /* Build configuration list for PBXNativeTarget "World Wide Weather" */;
			buildPhases = (
				859AB9DA29ED43E8004246A3 /* Sources */,
				859AB9DB29ED43E8004246A3 /* Frameworks */,
				859AB9DC29ED43E8004246A3 /* Resources */,
				85730EA529ED9A75001DB918 /* ShellScript */,
				854158502A2FCE49002DA57B /* Embed Foundation Extensions */,
			);
			buildRules = (
			);
			dependencies = (
				8541584B2A2FCE49002DA57B /* PBXTargetDependency */,
			);
			name = "World Wide Weather";
			packageProductDependencies = (
			);
			productName = Weather;
			productReference = 859AB9DE29ED43E8004246A3 /* World Wide Weather.app */;
			productType = "com.apple.product-type.application";
		};
		859AB9EE29ED43E9004246A3 /* WeatherTests */ = {
			isa = PBXNativeTarget;
			buildConfigurationList = 859ABA0629ED43E9004246A3 /* Build configuration list for PBXNativeTarget "WeatherTests" */;
			buildPhases = (
				859AB9EB29ED43E9004246A3 /* Sources */,
				859AB9EC29ED43E9004246A3 /* Frameworks */,
				859AB9ED29ED43E9004246A3 /* Resources */,
			);
			buildRules = (
			);
			dependencies = (
				859AB9F129ED43E9004246A3 /* PBXTargetDependency */,
			);
			name = WeatherTests;
			productName = WeatherTests;
			productReference = 859AB9EF29ED43E9004246A3 /* WeatherTests.xctest */;
			productType = "com.apple.product-type.bundle.unit-test";
		};
		859AB9F829ED43E9004246A3 /* WeatherUITests */ = {
			isa = PBXNativeTarget;
			buildConfigurationList = 859ABA0929ED43E9004246A3 /* Build configuration list for PBXNativeTarget "WeatherUITests" */;
			buildPhases = (
				859AB9F529ED43E9004246A3 /* Sources */,
				859AB9F629ED43E9004246A3 /* Frameworks */,
				859AB9F729ED43E9004246A3 /* Resources */,
			);
			buildRules = (
			);
			dependencies = (
				859AB9FB29ED43E9004246A3 /* PBXTargetDependency */,
			);
			name = WeatherUITests;
			productName = WeatherUITests;
			productReference = 859AB9F929ED43E9004246A3 /* WeatherUITests.xctest */;
			productType = "com.apple.product-type.bundle.ui-testing";
		};
/* End PBXNativeTarget section */

/* Begin PBXProject section */
		859AB9D629ED43E7004246A3 /* Project object */ = {
			isa = PBXProject;
			attributes = {
				BuildIndependentTargetsInParallel = 1;
				LastSwiftUpdateCheck = 1430;
				LastUpgradeCheck = 1430;
				TargetAttributes = {
					854158392A2FCE47002DA57B = {
						CreatedOnToolsVersion = 14.3.1;
					};
					859AB9DD29ED43E8004246A3 = {
						CreatedOnToolsVersion = 14.3;
					};
					859AB9EE29ED43E9004246A3 = {
						CreatedOnToolsVersion = 14.3;
						TestTargetID = 859AB9DD29ED43E8004246A3;
					};
					859AB9F829ED43E9004246A3 = {
						CreatedOnToolsVersion = 14.3;
						TestTargetID = 859AB9DD29ED43E8004246A3;
					};
				};
			};
			buildConfigurationList = 859AB9D929ED43E7004246A3 /* Build configuration list for PBXProject "World Wide Weather" */;
			compatibilityVersion = "Xcode 14.0";
			developmentRegion = en;
			hasScannedForEncodings = 0;
			knownRegions = (
				en,
				Base,
			);
			mainGroup = 859AB9D529ED43E7004246A3;
			packageReferences = (
			);
			productRefGroup = 859AB9DF29ED43E8004246A3 /* Products */;
			projectDirPath = "";
			projectRoot = "";
			targets = (
				859AB9DD29ED43E8004246A3 /* World Wide Weather */,
				859AB9EE29ED43E9004246A3 /* WeatherTests */,
				859AB9F829ED43E9004246A3 /* WeatherUITests */,
				854158392A2FCE47002DA57B /* WorldWideWeatherWidgetExtension */,
			);
		};
/* End PBXProject section */

/* Begin PBXResourcesBuildPhase section */
		854158382A2FCE47002DA57B /* Resources */ = {
			isa = PBXResourcesBuildPhase;
			buildActionMask = 2147483647;
			files = (
				854158822A3052F3002DA57B /* Assets.xcassets in Resources */,
			);
			runOnlyForDeploymentPostprocessing = 0;
		};
		859AB9DC29ED43E8004246A3 /* Resources */ = {
			isa = PBXResourcesBuildPhase;
			buildActionMask = 2147483647;
			files = (
				85730EA829EEFFF7001DB918 /* README.md in Resources */,
				85891B1E2A323963009A90D5 /* Preview Content.xcassets in Resources */,
				859AB9E629ED43E9004246A3 /* Assets.xcassets in Resources */,
			);
			runOnlyForDeploymentPostprocessing = 0;
		};
		859AB9ED29ED43E9004246A3 /* Resources */ = {
			isa = PBXResourcesBuildPhase;
			buildActionMask = 2147483647;
			files = (
			);
			runOnlyForDeploymentPostprocessing = 0;
		};
		859AB9F729ED43E9004246A3 /* Resources */ = {
			isa = PBXResourcesBuildPhase;
			buildActionMask = 2147483647;
			files = (
			);
			runOnlyForDeploymentPostprocessing = 0;
		};
/* End PBXResourcesBuildPhase section */

/* Begin PBXShellScriptBuildPhase section */
		85730EA529ED9A75001DB918 /* ShellScript */ = {
			isa = PBXShellScriptBuildPhase;
			alwaysOutOfDate = 1;
			buildActionMask = 2147483647;
			files = (
			);
			inputFileListPaths = (
			);
			inputPaths = (
			);
			outputFileListPaths = (
			);
			outputPaths = (
			);
			runOnlyForDeploymentPostprocessing = 0;
			shellPath = /bin/sh;
			shellScript = "export PATH=\"$PATH:/opt/homebrew/bin\"\n\nswiftlint --fix\nswiftlint\n";
		};
/* End PBXShellScriptBuildPhase section */

/* Begin PBXSourcesBuildPhase section */
		854158362A2FCE47002DA57B /* Sources */ = {
			isa = PBXSourcesBuildPhase;
			buildActionMask = 2147483647;
			files = (
				8541585D2A2FCEA2002DA57B /* SettingsView.swift in Sources */,
				8541585A2A2FCEA2002DA57B /* String+iconToImage.swift in Sources */,
				854158802A30511B002DA57B /* WidgetView.swift in Sources */,
				8541585B2A2FCEA2002DA57B /* Collection+safe.swift in Sources */,
				854158712A2FCEA2002DA57B /* WeatherDay.swift in Sources */,
				854158602A2FCEA2002DA57B /* Int+toTimestamp.swift in Sources */,
				854158532A2FCEA2002DA57B /* TemperatureDaily.swift in Sources */,
				854158512A2FCEA2002DA57B /* WeatherForecast.swift in Sources */,
				854158692A2FCEA2002DA57B /* WeatherView.swift in Sources */,
				854158742A2FCEA2002DA57B /* HourItemView.swift in Sources */,
				854158622A2FCEA2002DA57B /* WeatherData.swift in Sources */,
				854158542A2FCEA2002DA57B /* MapForm.swift in Sources */,
				854158652A2FCEA2002DA57B /* Locations.swift in Sources */,
				8541586A2A2FCEA2002DA57B /* IconImage.swift in Sources */,
				8541586B2A2FCEA2002DA57B /* WeatherMinute.swift in Sources */,
				854158572A2FCEA2002DA57B /* Save.swift in Sources */,
				854158792A2FCEA2002DA57B /* WeatherMainView.swift in Sources */,
				854158422A2FCE47002DA57B /* WorldWideWeatherWidget.swift in Sources */,
				8541587A2A2FCEA2002DA57B /* Int+getProperDateWord.swift in Sources */,
				854158682A2FCEA2002DA57B /* Commands.swift in Sources */,
				854158482A2FCE49002DA57B /* WorldWideWeatherWidget.intentdefinition in Sources */,
				854158562A2FCEA2002DA57B /* WeatherToolbarViews.swift in Sources */,
				854158752A2FCEA2002DA57B /* WeatherDetailViews.swift in Sources */,
				854158592A2FCEA2002DA57B /* VForm.swift in Sources */,
				854158672A2FCEA2002DA57B /* WeatherHour.swift in Sources */,
				8541585E2A2FCEA2002DA57B /* Helpers.swift in Sources */,
				85745D552A3590CA00089AAB /* WeatherSave.swift in Sources */,
				854158552A2FCEA2002DA57B /* SwiftyJSON.swift in Sources */,
				854158732A2FCEA2002DA57B /* SidebarItemView.swift in Sources */,
				8541586E2A2FCEA2002DA57B /* WeatherDetailHStack.swift in Sources */,
				854158632A2FCEA2002DA57B /* String+iconToBackground.swift in Sources */,
				8541586C2A2FCEA2002DA57B /* Location.swift in Sources */,
				8541587C2A2FCEA2002DA57B /* WeatherAlert.swift in Sources */,
				854158642A2FCEA2002DA57B /* SineLine.swift in Sources */,
				854158772A2FCEA2002DA57B /* Output.swift in Sources */,
				8541585C2A2FCEA2002DA57B /* WeatherViews.swift in Sources */,
				8541587B2A2FCEA2002DA57B /* MultipleDayLoading.swift in Sources */,
				854158522A2FCEA2002DA57B /* Float+toInt.swift in Sources */,
				854158662A2FCEA2002DA57B /* Float+removeZeros.swift in Sources */,
				8541585F2A2FCEA2002DA57B /* FiveDayWeatherHour.swift in Sources */,
				8541586F2A2FCEA2002DA57B /* WeatherDayDaily.swift in Sources */,
				854158612A2FCEA2002DA57B /* DegreesToCompassName.swift in Sources */,
				8541586D2A2FCEA2002DA57B /* WeatherDescription.swift in Sources */,
				854158722A2FCEA2002DA57B /* String+remove.swift in Sources */,
				854158762A2FCEA2002DA57B /* FeelsLikeDaily.swift in Sources */,
				854158582A2FCEA2002DA57B /* FiveDayWeatherHourToWeatherHour.swift in Sources */,
				85745D582A3593BB00089AAB /* WeatherSaveInstance.swift in Sources */,
				854158782A2FCEA2002DA57B /* Type+toString.swift in Sources */,
			);
			runOnlyForDeploymentPostprocessing = 0;
		};
		859AB9DA29ED43E8004246A3 /* Sources */ = {
			isa = PBXSourcesBuildPhase;
			buildActionMask = 2147483647;
			files = (
				850B7C022A0ED22000CEEBAA /* WeatherDetailViews.swift in Sources */,
				8541587F2A2FD082002DA57B /* WidgetView.swift in Sources */,
				859AB9E429ED43E8004246A3 /* WeatherView.swift in Sources */,
				854158492A2FCE49002DA57B /* WorldWideWeatherWidget.intentdefinition in Sources */,
				852442792A1FFC9800A501B1 /* Type+toString.swift in Sources */,
				853862D22A29152900F4C947 /* Commands.swift in Sources */,
				85C8A8A229F59E16002258E7 /* WeatherForecast.swift in Sources */,
				85E535BF2A22933E00C3093B /* VForm.swift in Sources */,
				85CD0C582A10305B00E531FD /* Save.swift in Sources */,
				8574129329F5859600CFC20F /* Int+toTimestamp.swift in Sources */,
				85E535BC2A21D86E00C3093B /* FeelsLikeDaily.swift in Sources */,
				85D90D9B2A0F5FC400B9674A /* WeatherMainView.swift in Sources */,
				85D6D3B229F51B5B0080FB54 /* Float+toInt.swift in Sources */,
				85D6D3B029F514E10080FB54 /* WeatherViews.swift in Sources */,
				859ABA0D29ED49F8004246A3 /* Helpers.swift in Sources */,
				85391EAC2A0FA638005A0F5C /* DegreesToCompassName.swift in Sources */,
				850B7C042A0ED74C00CEEBAA /* WeatherAlert.swift in Sources */,
				85FE6B602A0C17F3003F7F1C /* WeatherData.swift in Sources */,
				854AB8282A23632000F70E8A /* WeatherDetailHStack.swift in Sources */,
				859B35C329F3C24B00D63031 /* WeatherHour.swift in Sources */,
				85E535C12A2318D300C3093B /* String+iconToBackground.swift in Sources */,
				85EB22252A29F50100E7A926 /* SidebarItemView.swift in Sources */,
				858EA0C629FADDB80021EAAC /* Float+removeZeros.swift in Sources */,
				858EA0C029F9B0FE0021EAAC /* HourItemView.swift in Sources */,
				853862D42A29BD9400F4C947 /* WeatherToolbarViews.swift in Sources */,
				85C9E64829F871600025BD42 /* IconImage.swift in Sources */,
				85745D542A3590CA00089AAB /* WeatherSave.swift in Sources */,
				85D90D992A0F5D0200B9674A /* Location.swift in Sources */,
				85CD0C512A0FF82E00E531FD /* Collection+safe.swift in Sources */,
				858EA0B329F8F1BF0021EAAC /* FiveDayWeatherHour.swift in Sources */,
				858EA0C929FADFDA0021EAAC /* FiveDayWeatherHourToWeatherHour.swift in Sources */,
				85E7420B2A0806C20026C647 /* SineLine.swift in Sources */,
				85C9E60D29F83F460025BD42 /* Output.swift in Sources */,
				85CD0C5B2A10B03700E531FD /* Locations.swift in Sources */,
				85C8A8A529F6E2CB002258E7 /* String+iconToImage.swift in Sources */,
				854158352A2FC85E002DA57B /* SwiftyJSON.swift in Sources */,
				85E535BA2A21D6B000C3093B /* TemperatureDaily.swift in Sources */,
				853862D82A29C2A000F4C947 /* MapForm.swift in Sources */,
				85D8F2E52A0ADB0600DA179C /* WeatherMinute.swift in Sources */,
				859B35BB29F1C8B000D63031 /* SettingsView.swift in Sources */,
				85C8A8A029F59E08002258E7 /* WeatherDay.swift in Sources */,
				859B35C529F3C28300D63031 /* WeatherDescription.swift in Sources */,
				85E535B82A21D59E00C3093B /* WeatherDayDaily.swift in Sources */,
				859B35C029F2FC9900D63031 /* String+remove.swift in Sources */,
				859AB9E229ED43E8004246A3 /* WeatherApp.swift in Sources */,
				858EA0CD29FC35140021EAAC /* Int+getProperDateWord.swift in Sources */,
				85745D572A3593BB00089AAB /* WeatherSaveInstance.swift in Sources */,
				85730EAA29EF360A001DB918 /* MultipleDayLoading.swift in Sources */,
			);
			runOnlyForDeploymentPostprocessing = 0;
		};
		859AB9EB29ED43E9004246A3 /* Sources */ = {
			isa = PBXSourcesBuildPhase;
			buildActionMask = 2147483647;
			files = (
				859AB9F429ED43E9004246A3 /* WeatherTests.swift in Sources */,
			);
			runOnlyForDeploymentPostprocessing = 0;
		};
		859AB9F529ED43E9004246A3 /* Sources */ = {
			isa = PBXSourcesBuildPhase;
			buildActionMask = 2147483647;
			files = (
				859AB9FE29ED43E9004246A3 /* WeatherUITests.swift in Sources */,
				859ABA0029ED43E9004246A3 /* WeatherUITestsLaunchTests.swift in Sources */,
			);
			runOnlyForDeploymentPostprocessing = 0;
		};
/* End PBXSourcesBuildPhase section */

/* Begin PBXTargetDependency section */
		8541584B2A2FCE49002DA57B /* PBXTargetDependency */ = {
			isa = PBXTargetDependency;
			target = 854158392A2FCE47002DA57B /* WorldWideWeatherWidgetExtension */;
			targetProxy = 8541584A2A2FCE49002DA57B /* PBXContainerItemProxy */;
		};
		859AB9F129ED43E9004246A3 /* PBXTargetDependency */ = {
			isa = PBXTargetDependency;
			target = 859AB9DD29ED43E8004246A3 /* World Wide Weather */;
			targetProxy = 859AB9F029ED43E9004246A3 /* PBXContainerItemProxy */;
		};
		859AB9FB29ED43E9004246A3 /* PBXTargetDependency */ = {
			isa = PBXTargetDependency;
			target = 859AB9DD29ED43E8004246A3 /* World Wide Weather */;
			targetProxy = 859AB9FA29ED43E9004246A3 /* PBXContainerItemProxy */;
		};
/* End PBXTargetDependency section */

/* Begin XCBuildConfiguration section */
		8541584E2A2FCE49002DA57B /* Debug */ = {
			isa = XCBuildConfiguration;
			buildSettings = {
				ASSETCATALOG_COMPILER_GLOBAL_ACCENT_COLOR_NAME = AccentColor;
				ASSETCATALOG_COMPILER_WIDGET_BACKGROUND_COLOR_NAME = WidgetBackground;
				CODE_SIGN_ENTITLEMENTS = WorldWideWeatherWidget/WorldWideWeatherWidget.entitlements;
				"CODE_SIGN_IDENTITY[sdk=macosx*]" = "Apple Development";
				CODE_SIGN_STYLE = Automatic;
				CURRENT_PROJECT_VERSION = 24;
				DEVELOPMENT_TEAM = 5ZQ9284762;
				ENABLE_HARDENED_RUNTIME = YES;
				ENABLE_PREVIEWS = YES;
				GENERATE_INFOPLIST_FILE = YES;
				INFOPLIST_FILE = WorldWideWeatherWidget/Info.plist;
				INFOPLIST_KEY_CFBundleDisplayName = WorldWideWeatherWidget;
				INFOPLIST_KEY_NSHumanReadableCopyright = "";
				LD_RUNPATH_SEARCH_PATHS = (
					"$(inherited)",
					"@executable_path/../Frameworks",
					"@executable_path/../../../../Frameworks",
				);
				MACOSX_DEPLOYMENT_TARGET = 13.0;
				MARKETING_VERSION = 1.2.0;
				PRODUCT_BUNDLE_IDENTIFIER = com.luah5.WorldWideWeather.WorldWideWeatherWidget;
				PRODUCT_NAME = "$(TARGET_NAME)";
				SKIP_INSTALL = YES;
				SWIFT_EMIT_LOC_STRINGS = YES;
				SWIFT_VERSION = 5.0;
			};
			name = Debug;
		};
		8541584F2A2FCE49002DA57B /* Release */ = {
			isa = XCBuildConfiguration;
			buildSettings = {
				ASSETCATALOG_COMPILER_GLOBAL_ACCENT_COLOR_NAME = AccentColor;
				ASSETCATALOG_COMPILER_WIDGET_BACKGROUND_COLOR_NAME = WidgetBackground;
				CODE_SIGN_ENTITLEMENTS = WorldWideWeatherWidgetExtensionRelease.entitlements;
				CODE_SIGN_STYLE = Automatic;
				CURRENT_PROJECT_VERSION = 24;
				DEVELOPMENT_TEAM = 5ZQ9284762;
				ENABLE_HARDENED_RUNTIME = YES;
				ENABLE_PREVIEWS = YES;
				GENERATE_INFOPLIST_FILE = YES;
				INFOPLIST_FILE = WorldWideWeatherWidget/Info.plist;
				INFOPLIST_KEY_CFBundleDisplayName = WorldWideWeatherWidget;
				INFOPLIST_KEY_NSHumanReadableCopyright = "";
				LD_RUNPATH_SEARCH_PATHS = (
					"$(inherited)",
					"@executable_path/../Frameworks",
					"@executable_path/../../../../Frameworks",
				);
				MACOSX_DEPLOYMENT_TARGET = 13.0;
				MARKETING_VERSION = 1.2.0;
				PRODUCT_BUNDLE_IDENTIFIER = com.luah5.WorldWideWeather.WorldWideWeatherWidget;
				PRODUCT_NAME = "$(TARGET_NAME)";
				SKIP_INSTALL = YES;
				SWIFT_EMIT_LOC_STRINGS = YES;
				SWIFT_VERSION = 5.0;
			};
			name = Release;
		};
		859ABA0129ED43E9004246A3 /* Debug */ = {
			isa = XCBuildConfiguration;
			buildSettings = {
				ALWAYS_SEARCH_USER_PATHS = NO;
				CLANG_ANALYZER_NONNULL = YES;
				CLANG_ANALYZER_NUMBER_OBJECT_CONVERSION = YES_AGGRESSIVE;
				CLANG_CXX_LANGUAGE_STANDARD = "gnu++20";
				CLANG_ENABLE_MODULES = YES;
				CLANG_ENABLE_OBJC_ARC = YES;
				CLANG_ENABLE_OBJC_WEAK = YES;
				CLANG_WARN_BLOCK_CAPTURE_AUTORELEASING = YES;
				CLANG_WARN_BOOL_CONVERSION = YES;
				CLANG_WARN_COMMA = YES;
				CLANG_WARN_CONSTANT_CONVERSION = YES;
				CLANG_WARN_DEPRECATED_OBJC_IMPLEMENTATIONS = YES;
				CLANG_WARN_DIRECT_OBJC_ISA_USAGE = YES_ERROR;
				CLANG_WARN_DOCUMENTATION_COMMENTS = YES;
				CLANG_WARN_EMPTY_BODY = YES;
				CLANG_WARN_ENUM_CONVERSION = YES;
				CLANG_WARN_INFINITE_RECURSION = YES;
				CLANG_WARN_INT_CONVERSION = YES;
				CLANG_WARN_NON_LITERAL_NULL_CONVERSION = YES;
				CLANG_WARN_OBJC_IMPLICIT_RETAIN_SELF = YES;
				CLANG_WARN_OBJC_LITERAL_CONVERSION = YES;
				CLANG_WARN_OBJC_ROOT_CLASS = YES_ERROR;
				CLANG_WARN_QUOTED_INCLUDE_IN_FRAMEWORK_HEADER = YES;
				CLANG_WARN_RANGE_LOOP_ANALYSIS = YES;
				CLANG_WARN_STRICT_PROTOTYPES = YES;
				CLANG_WARN_SUSPICIOUS_MOVE = YES;
				CLANG_WARN_UNGUARDED_AVAILABILITY = YES_AGGRESSIVE;
				CLANG_WARN_UNREACHABLE_CODE = YES;
				CLANG_WARN__DUPLICATE_METHOD_MATCH = YES;
				COPY_PHASE_STRIP = NO;
				DEBUG_INFORMATION_FORMAT = dwarf;
				ENABLE_STRICT_OBJC_MSGSEND = YES;
				ENABLE_TESTABILITY = YES;
				GCC_C_LANGUAGE_STANDARD = gnu11;
				GCC_DYNAMIC_NO_PIC = NO;
				GCC_NO_COMMON_BLOCKS = YES;
				GCC_OPTIMIZATION_LEVEL = 0;
				GCC_PREPROCESSOR_DEFINITIONS = (
					"DEBUG=1",
					"$(inherited)",
				);
				GCC_WARN_64_TO_32_BIT_CONVERSION = YES;
				GCC_WARN_ABOUT_RETURN_TYPE = YES_ERROR;
				GCC_WARN_UNDECLARED_SELECTOR = YES;
				GCC_WARN_UNINITIALIZED_AUTOS = YES_AGGRESSIVE;
				GCC_WARN_UNUSED_FUNCTION = YES;
				GCC_WARN_UNUSED_VARIABLE = YES;
				MACOSX_DEPLOYMENT_TARGET = 13.0;
				MTL_ENABLE_DEBUG_INFO = INCLUDE_SOURCE;
				MTL_FAST_MATH = YES;
				ONLY_ACTIVE_ARCH = YES;
				SDKROOT = macosx;
				SWIFT_ACTIVE_COMPILATION_CONDITIONS = DEBUG;
				SWIFT_EMIT_LOC_STRINGS = YES;
				SWIFT_OPTIMIZATION_LEVEL = "-Onone";
			};
			name = Debug;
		};
		859ABA0229ED43E9004246A3 /* Release */ = {
			isa = XCBuildConfiguration;
			buildSettings = {
				ALWAYS_SEARCH_USER_PATHS = NO;
				CLANG_ANALYZER_NONNULL = YES;
				CLANG_ANALYZER_NUMBER_OBJECT_CONVERSION = YES_AGGRESSIVE;
				CLANG_CXX_LANGUAGE_STANDARD = "gnu++20";
				CLANG_ENABLE_MODULES = YES;
				CLANG_ENABLE_OBJC_ARC = YES;
				CLANG_ENABLE_OBJC_WEAK = YES;
				CLANG_WARN_BLOCK_CAPTURE_AUTORELEASING = YES;
				CLANG_WARN_BOOL_CONVERSION = YES;
				CLANG_WARN_COMMA = YES;
				CLANG_WARN_CONSTANT_CONVERSION = YES;
				CLANG_WARN_DEPRECATED_OBJC_IMPLEMENTATIONS = YES;
				CLANG_WARN_DIRECT_OBJC_ISA_USAGE = YES_ERROR;
				CLANG_WARN_DOCUMENTATION_COMMENTS = YES;
				CLANG_WARN_EMPTY_BODY = YES;
				CLANG_WARN_ENUM_CONVERSION = YES;
				CLANG_WARN_INFINITE_RECURSION = YES;
				CLANG_WARN_INT_CONVERSION = YES;
				CLANG_WARN_NON_LITERAL_NULL_CONVERSION = YES;
				CLANG_WARN_OBJC_IMPLICIT_RETAIN_SELF = YES;
				CLANG_WARN_OBJC_LITERAL_CONVERSION = YES;
				CLANG_WARN_OBJC_ROOT_CLASS = YES_ERROR;
				CLANG_WARN_QUOTED_INCLUDE_IN_FRAMEWORK_HEADER = YES;
				CLANG_WARN_RANGE_LOOP_ANALYSIS = YES;
				CLANG_WARN_STRICT_PROTOTYPES = YES;
				CLANG_WARN_SUSPICIOUS_MOVE = YES;
				CLANG_WARN_UNGUARDED_AVAILABILITY = YES_AGGRESSIVE;
				CLANG_WARN_UNREACHABLE_CODE = YES;
				CLANG_WARN__DUPLICATE_METHOD_MATCH = YES;
				COPY_PHASE_STRIP = NO;
				DEBUG_INFORMATION_FORMAT = "dwarf-with-dsym";
				ENABLE_NS_ASSERTIONS = NO;
				ENABLE_STRICT_OBJC_MSGSEND = YES;
				GCC_C_LANGUAGE_STANDARD = gnu11;
				GCC_NO_COMMON_BLOCKS = YES;
				GCC_WARN_64_TO_32_BIT_CONVERSION = YES;
				GCC_WARN_ABOUT_RETURN_TYPE = YES_ERROR;
				GCC_WARN_UNDECLARED_SELECTOR = YES;
				GCC_WARN_UNINITIALIZED_AUTOS = YES_AGGRESSIVE;
				GCC_WARN_UNUSED_FUNCTION = YES;
				GCC_WARN_UNUSED_VARIABLE = YES;
				MACOSX_DEPLOYMENT_TARGET = 13.0;
				MTL_ENABLE_DEBUG_INFO = NO;
				MTL_FAST_MATH = YES;
				SDKROOT = macosx;
				SWIFT_COMPILATION_MODE = wholemodule;
				SWIFT_EMIT_LOC_STRINGS = YES;
				SWIFT_OPTIMIZATION_LEVEL = "-O";
			};
			name = Release;
		};
		859ABA0429ED43E9004246A3 /* Debug */ = {
			isa = XCBuildConfiguration;
			buildSettings = {
				ALWAYS_EMBED_SWIFT_STANDARD_LIBRARIES = YES;
				ASSETCATALOG_COMPILER_APPICON_NAME = AppIcon;
				ASSETCATALOG_COMPILER_GLOBAL_ACCENT_COLOR_NAME = AccentColor;
				ASSETCATALOG_COMPILER_INCLUDE_ALL_APPICON_ASSETS = YES;
				CODE_SIGN_ENTITLEMENTS = Weather/Weather.entitlements;
				"CODE_SIGN_IDENTITY[sdk=macosx*]" = "Apple Development";
				CODE_SIGN_STYLE = Automatic;
				COMBINE_HIDPI_IMAGES = YES;
				CURRENT_PROJECT_VERSION = 24;
				DEVELOPMENT_ASSET_PATHS = "\"Weather/Preview Content\"";
				DEVELOPMENT_TEAM = 5ZQ9284762;
				ENABLE_PREVIEWS = NO;
				ENABLE_TESTABILITY = NO;
				GENERATE_INFOPLIST_FILE = YES;
				INFOPLIST_KEY_CFBundleDisplayName = "World Wide Weather";
				INFOPLIST_KEY_LSApplicationCategoryType = "public.app-category.weather";
				INFOPLIST_KEY_NSHumanReadableCopyright = "";
				IPHONEOS_DEPLOYMENT_TARGET = 16.0;
				LD_RUNPATH_SEARCH_PATHS = (
					"$(inherited)",
					"@executable_path/../Frameworks",
				);
				MACOSX_DEPLOYMENT_TARGET = 13.0;
				MARKETING_VERSION = 1.2.0;
				PRODUCT_BUNDLE_IDENTIFIER = com.luah5.WorldWideWeather;
				PRODUCT_NAME = "$(TARGET_NAME)";
				SUPPORTED_PLATFORMS = macosx;
				SUPPORTS_MACCATALYST = NO;
				SUPPORTS_MAC_DESIGNED_FOR_IPHONE_IPAD = NO;
				SWIFT_EMIT_LOC_STRINGS = YES;
				SWIFT_VERSION = 5.0;
			};
			name = Debug;
		};
		859ABA0529ED43E9004246A3 /* Release */ = {
			isa = XCBuildConfiguration;
			buildSettings = {
				ALWAYS_EMBED_SWIFT_STANDARD_LIBRARIES = YES;
				ASSETCATALOG_COMPILER_APPICON_NAME = AppIcon;
				ASSETCATALOG_COMPILER_GLOBAL_ACCENT_COLOR_NAME = AccentColor;
				ASSETCATALOG_COMPILER_INCLUDE_ALL_APPICON_ASSETS = YES;
				CODE_SIGN_ENTITLEMENTS = Weather/Weather.entitlements;
				"CODE_SIGN_IDENTITY[sdk=macosx*]" = "Apple Development";
				CODE_SIGN_STYLE = Automatic;
				COMBINE_HIDPI_IMAGES = YES;
				CURRENT_PROJECT_VERSION = 24;
				DEVELOPMENT_ASSET_PATHS = "\"Weather/Preview Content\"";
				DEVELOPMENT_TEAM = 5ZQ9284762;
				ENABLE_PREVIEWS = NO;
				GENERATE_INFOPLIST_FILE = YES;
				INFOPLIST_KEY_CFBundleDisplayName = "World Wide Weather";
				INFOPLIST_KEY_LSApplicationCategoryType = "public.app-category.weather";
				INFOPLIST_KEY_NSHumanReadableCopyright = "";
				IPHONEOS_DEPLOYMENT_TARGET = 16.0;
				LD_RUNPATH_SEARCH_PATHS = (
					"$(inherited)",
					"@executable_path/../Frameworks",
				);
				MACOSX_DEPLOYMENT_TARGET = 13.0;
				MARKETING_VERSION = 1.2.0;
				PRODUCT_BUNDLE_IDENTIFIER = com.luah5.WorldWideWeather;
				PRODUCT_NAME = "$(TARGET_NAME)";
				SUPPORTED_PLATFORMS = macosx;
				SUPPORTS_MACCATALYST = NO;
				SUPPORTS_MAC_DESIGNED_FOR_IPHONE_IPAD = NO;
				SWIFT_EMIT_LOC_STRINGS = YES;
				SWIFT_VERSION = 5.0;
			};
			name = Release;
		};
		859ABA0729ED43E9004246A3 /* Debug */ = {
			isa = XCBuildConfiguration;
			buildSettings = {
				ALWAYS_EMBED_SWIFT_STANDARD_LIBRARIES = YES;
				BUNDLE_LOADER = "$(TEST_HOST)";
				"CODE_SIGN_IDENTITY[sdk=macosx*]" = "Apple Development";
				CODE_SIGN_STYLE = Automatic;
				CURRENT_PROJECT_VERSION = 1;
				DEVELOPMENT_TEAM = 5ZQ9284762;
				GENERATE_INFOPLIST_FILE = YES;
				MACOSX_DEPLOYMENT_TARGET = 13.2;
				MARKETING_VERSION = 1.0;
				PRODUCT_BUNDLE_IDENTIFIER = RaymondVleeshouwer.WeatherTests;
				PRODUCT_NAME = "$(TARGET_NAME)";
				SWIFT_EMIT_LOC_STRINGS = NO;
				SWIFT_VERSION = 5.0;
				TEST_HOST = "$(BUILT_PRODUCTS_DIR)/Weather.app/$(BUNDLE_EXECUTABLE_FOLDER_PATH)/Weather";
			};
			name = Debug;
		};
		859ABA0829ED43E9004246A3 /* Release */ = {
			isa = XCBuildConfiguration;
			buildSettings = {
				ALWAYS_EMBED_SWIFT_STANDARD_LIBRARIES = YES;
				BUNDLE_LOADER = "$(TEST_HOST)";
				"CODE_SIGN_IDENTITY[sdk=macosx*]" = "Apple Development";
				CODE_SIGN_STYLE = Automatic;
				CURRENT_PROJECT_VERSION = 1;
				DEVELOPMENT_TEAM = 5ZQ9284762;
				GENERATE_INFOPLIST_FILE = YES;
				MACOSX_DEPLOYMENT_TARGET = 13.2;
				MARKETING_VERSION = 1.0;
				PRODUCT_BUNDLE_IDENTIFIER = RaymondVleeshouwer.WeatherTests;
				PRODUCT_NAME = "$(TARGET_NAME)";
				SWIFT_EMIT_LOC_STRINGS = NO;
				SWIFT_VERSION = 5.0;
				TEST_HOST = "$(BUILT_PRODUCTS_DIR)/Weather.app/$(BUNDLE_EXECUTABLE_FOLDER_PATH)/Weather";
			};
			name = Release;
		};
		859ABA0A29ED43E9004246A3 /* Debug */ = {
			isa = XCBuildConfiguration;
			buildSettings = {
				ALWAYS_EMBED_SWIFT_STANDARD_LIBRARIES = YES;
				"CODE_SIGN_IDENTITY[sdk=macosx*]" = "Apple Development";
				CODE_SIGN_STYLE = Automatic;
				CURRENT_PROJECT_VERSION = 1;
				DEVELOPMENT_TEAM = 5ZQ9284762;
				GENERATE_INFOPLIST_FILE = YES;
				MARKETING_VERSION = 1.0;
				PRODUCT_BUNDLE_IDENTIFIER = RaymondVleeshouwer.WeatherUITests;
				PRODUCT_NAME = "$(TARGET_NAME)";
				SWIFT_EMIT_LOC_STRINGS = NO;
				SWIFT_VERSION = 5.0;
				TEST_TARGET_NAME = Weather;
			};
			name = Debug;
		};
		859ABA0B29ED43E9004246A3 /* Release */ = {
			isa = XCBuildConfiguration;
			buildSettings = {
				ALWAYS_EMBED_SWIFT_STANDARD_LIBRARIES = YES;
				"CODE_SIGN_IDENTITY[sdk=macosx*]" = "Apple Development";
				CODE_SIGN_STYLE = Automatic;
				CURRENT_PROJECT_VERSION = 1;
				DEVELOPMENT_TEAM = 5ZQ9284762;
				GENERATE_INFOPLIST_FILE = YES;
				MARKETING_VERSION = 1.0;
				PRODUCT_BUNDLE_IDENTIFIER = RaymondVleeshouwer.WeatherUITests;
				PRODUCT_NAME = "$(TARGET_NAME)";
				SWIFT_EMIT_LOC_STRINGS = NO;
				SWIFT_VERSION = 5.0;
				TEST_TARGET_NAME = Weather;
			};
			name = Release;
		};
/* End XCBuildConfiguration section */

/* Begin XCConfigurationList section */
		8541584D2A2FCE49002DA57B /* Build configuration list for PBXNativeTarget "WorldWideWeatherWidgetExtension" */ = {
			isa = XCConfigurationList;
			buildConfigurations = (
				8541584E2A2FCE49002DA57B /* Debug */,
				8541584F2A2FCE49002DA57B /* Release */,
			);
			defaultConfigurationIsVisible = 0;
			defaultConfigurationName = Debug;
		};
		859AB9D929ED43E7004246A3 /* Build configuration list for PBXProject "World Wide Weather" */ = {
			isa = XCConfigurationList;
			buildConfigurations = (
				859ABA0129ED43E9004246A3 /* Debug */,
				859ABA0229ED43E9004246A3 /* Release */,
			);
			defaultConfigurationIsVisible = 0;
			defaultConfigurationName = Debug;
		};
		859ABA0329ED43E9004246A3 /* Build configuration list for PBXNativeTarget "World Wide Weather" */ = {
			isa = XCConfigurationList;
			buildConfigurations = (
				859ABA0429ED43E9004246A3 /* Debug */,
				859ABA0529ED43E9004246A3 /* Release */,
			);
			defaultConfigurationIsVisible = 0;
			defaultConfigurationName = Debug;
		};
		859ABA0629ED43E9004246A3 /* Build configuration list for PBXNativeTarget "WeatherTests" */ = {
			isa = XCConfigurationList;
			buildConfigurations = (
				859ABA0729ED43E9004246A3 /* Debug */,
				859ABA0829ED43E9004246A3 /* Release */,
			);
			defaultConfigurationIsVisible = 0;
			defaultConfigurationName = Debug;
		};
		859ABA0929ED43E9004246A3 /* Build configuration list for PBXNativeTarget "WeatherUITests" */ = {
			isa = XCConfigurationList;
			buildConfigurations = (
				859ABA0A29ED43E9004246A3 /* Debug */,
				859ABA0B29ED43E9004246A3 /* Release */,
			);
			defaultConfigurationIsVisible = 0;
			defaultConfigurationName = Debug;
		};
/* End XCConfigurationList section */
	};
	rootObject = 859AB9D629ED43E7004246A3 /* Project object */;
}
