// !$*UTF8*$!
{
	archiveVersion = 1;
	classes = {
	};
	objectVersion = 56;
	objects = {

/* Begin PBXBuildFile section */
		850B7C022A0ED22000CEEBAA /* WeatherDetailViews.swift in Sources */ = {isa = PBXBuildFile; fileRef = 850B7C012A0ED22000CEEBAA /* WeatherDetailViews.swift */; };
		850B7C042A0ED74C00CEEBAA /* WeatherAlert.swift in Sources */ = {isa = PBXBuildFile; fileRef = 850B7C032A0ED74C00CEEBAA /* WeatherAlert.swift */; };
		852442792A1FFC9800A501B1 /* Int+toString.swift in Sources */ = {isa = PBXBuildFile; fileRef = 852442782A1FFC9800A501B1 /* Int+toString.swift */; };
		85391EAC2A0FA638005A0F5C /* DegreesToCompassName.swift in Sources */ = {isa = PBXBuildFile; fileRef = 85391EAB2A0FA638005A0F5C /* DegreesToCompassName.swift */; };
		85730EA829EEFFF7001DB918 /* README.md in Resources */ = {isa = PBXBuildFile; fileRef = 85730EA729EEFFF7001DB918 /* README.md */; };
		85730EAA29EF360A001DB918 /* MultipleDayLoading.swift in Sources */ = {isa = PBXBuildFile; fileRef = 85730EA929EF360A001DB918 /* MultipleDayLoading.swift */; };
		8574129329F5859600CFC20F /* Int+toTimestamp.swift in Sources */ = {isa = PBXBuildFile; fileRef = 8574129229F5859600CFC20F /* Int+toTimestamp.swift */; };
		858EA0B329F8F1BF0021EAAC /* FiveDayWeatherHour.swift in Sources */ = {isa = PBXBuildFile; fileRef = 858EA0B229F8F1BF0021EAAC /* FiveDayWeatherHour.swift */; };
		858EA0C029F9B0FE0021EAAC /* HourItemView.swift in Sources */ = {isa = PBXBuildFile; fileRef = 858EA0BF29F9B0FE0021EAAC /* HourItemView.swift */; };
		858EA0C629FADDB80021EAAC /* Float+removeZeros.swift in Sources */ = {isa = PBXBuildFile; fileRef = 858EA0C529FADDB80021EAAC /* Float+removeZeros.swift */; };
		858EA0C929FADFDA0021EAAC /* FiveDayWeatherHourToWeatherHour.swift in Sources */ = {isa = PBXBuildFile; fileRef = 858EA0C829FADFDA0021EAAC /* FiveDayWeatherHourToWeatherHour.swift */; };
		858EA0CD29FC35140021EAAC /* Int+getProperDateWord.swift in Sources */ = {isa = PBXBuildFile; fileRef = 858EA0CC29FC35130021EAAC /* Int+getProperDateWord.swift */; };
		859AB9E229ED43E8004246A3 /* WeatherApp.swift in Sources */ = {isa = PBXBuildFile; fileRef = 859AB9E129ED43E8004246A3 /* WeatherApp.swift */; };
		859AB9E429ED43E8004246A3 /* WeatherView.swift in Sources */ = {isa = PBXBuildFile; fileRef = 859AB9E329ED43E8004246A3 /* WeatherView.swift */; };
		859AB9E629ED43E9004246A3 /* Assets.xcassets in Resources */ = {isa = PBXBuildFile; fileRef = 859AB9E529ED43E9004246A3 /* Assets.xcassets */; };
		859AB9E929ED43E9004246A3 /* Preview Assets.xcassets in Resources */ = {isa = PBXBuildFile; fileRef = 859AB9E829ED43E9004246A3 /* Preview Assets.xcassets */; };
		859AB9F429ED43E9004246A3 /* WeatherTests.swift in Sources */ = {isa = PBXBuildFile; fileRef = 859AB9F329ED43E9004246A3 /* WeatherTests.swift */; };
		859AB9FE29ED43E9004246A3 /* WeatherUITests.swift in Sources */ = {isa = PBXBuildFile; fileRef = 859AB9FD29ED43E9004246A3 /* WeatherUITests.swift */; };
		859ABA0029ED43E9004246A3 /* WeatherUITestsLaunchTests.swift in Sources */ = {isa = PBXBuildFile; fileRef = 859AB9FF29ED43E9004246A3 /* WeatherUITestsLaunchTests.swift */; };
		859ABA0D29ED49F8004246A3 /* Helpers.swift in Sources */ = {isa = PBXBuildFile; fileRef = 859ABA0C29ED49F8004246A3 /* Helpers.swift */; };
		859B35BB29F1C8B000D63031 /* SettingsView.swift in Sources */ = {isa = PBXBuildFile; fileRef = 859B35BA29F1C8B000D63031 /* SettingsView.swift */; };
		859B35BE29F1CA7400D63031 /* SwiftyJSON in Frameworks */ = {isa = PBXBuildFile; productRef = 859B35BD29F1CA7400D63031 /* SwiftyJSON */; };
		859B35C029F2FC9900D63031 /* String+remove.swift in Sources */ = {isa = PBXBuildFile; fileRef = 859B35BF29F2FC9900D63031 /* String+remove.swift */; };
		859B35C329F3C24B00D63031 /* WeatherHour.swift in Sources */ = {isa = PBXBuildFile; fileRef = 859B35C229F3C24B00D63031 /* WeatherHour.swift */; };
		859B35C529F3C28300D63031 /* WeatherDescription.swift in Sources */ = {isa = PBXBuildFile; fileRef = 859B35C429F3C28300D63031 /* WeatherDescription.swift */; };
		85C8A8A029F59E08002258E7 /* WeatherDay.swift in Sources */ = {isa = PBXBuildFile; fileRef = 85C8A89F29F59E08002258E7 /* WeatherDay.swift */; };
		85C8A8A229F59E16002258E7 /* WeatherForecast.swift in Sources */ = {isa = PBXBuildFile; fileRef = 85C8A8A129F59E16002258E7 /* WeatherForecast.swift */; };
		85C8A8A529F6E2CB002258E7 /* String+iconToImage.swift in Sources */ = {isa = PBXBuildFile; fileRef = 85C8A8A429F6E2CB002258E7 /* String+iconToImage.swift */; };
		85C9E60D29F83F460025BD42 /* Output.swift in Sources */ = {isa = PBXBuildFile; fileRef = 85C9E60C29F83F460025BD42 /* Output.swift */; };
		85C9E64829F871600025BD42 /* IconImage.swift in Sources */ = {isa = PBXBuildFile; fileRef = 85C9E64729F871600025BD42 /* IconImage.swift */; };
		85CD0C512A0FF82E00E531FD /* Collections+safe.swift in Sources */ = {isa = PBXBuildFile; fileRef = 85CD0C502A0FF82E00E531FD /* Collections+safe.swift */; };
		85CD0C582A10305B00E531FD /* Save.swift in Sources */ = {isa = PBXBuildFile; fileRef = 85CD0C572A10305B00E531FD /* Save.swift */; };
		85CD0C5B2A10B03700E531FD /* Locations.swift in Sources */ = {isa = PBXBuildFile; fileRef = 85CD0C5A2A10B03700E531FD /* Locations.swift */; };
		85D6D3B029F514E10080FB54 /* WeatherViews.swift in Sources */ = {isa = PBXBuildFile; fileRef = 85D6D3AF29F514E10080FB54 /* WeatherViews.swift */; };
		85D6D3B229F51B5B0080FB54 /* Float+toInt.swift in Sources */ = {isa = PBXBuildFile; fileRef = 85D6D3B129F51B5B0080FB54 /* Float+toInt.swift */; };
		85D8F2E52A0ADB0600DA179C /* WeatherMinute.swift in Sources */ = {isa = PBXBuildFile; fileRef = 85D8F2E42A0ADB0600DA179C /* WeatherMinute.swift */; };
		85D90D992A0F5D0200B9674A /* Location.swift in Sources */ = {isa = PBXBuildFile; fileRef = 85D90D982A0F5D0200B9674A /* Location.swift */; };
		85D90D9B2A0F5FC400B9674A /* WeatherMainView.swift in Sources */ = {isa = PBXBuildFile; fileRef = 85D90D9A2A0F5FC400B9674A /* WeatherMainView.swift */; };
		85E535B82A21D59E00C3093B /* WeatherDayDaily.swift in Sources */ = {isa = PBXBuildFile; fileRef = 85E535B72A21D59E00C3093B /* WeatherDayDaily.swift */; };
		85E535BA2A21D6B000C3093B /* TemperatureDaily.swift in Sources */ = {isa = PBXBuildFile; fileRef = 85E535B92A21D6B000C3093B /* TemperatureDaily.swift */; };
		85E535BC2A21D86E00C3093B /* FeelsLikeDaily.swift in Sources */ = {isa = PBXBuildFile; fileRef = 85E535BB2A21D86E00C3093B /* FeelsLikeDaily.swift */; };
		85E535BF2A22933E00C3093B /* VForm.swift in Sources */ = {isa = PBXBuildFile; fileRef = 85E535BE2A22933E00C3093B /* VForm.swift */; };
		85E535C12A2318D300C3093B /* String+iconToBackground.swift in Sources */ = {isa = PBXBuildFile; fileRef = 85E535C02A2318D300C3093B /* String+iconToBackground.swift */; };
		85E7420B2A0806C20026C647 /* SineLine.swift in Sources */ = {isa = PBXBuildFile; fileRef = 85E7420A2A0806C20026C647 /* SineLine.swift */; };
		85FE6B602A0C17F3003F7F1C /* WeatherData.swift in Sources */ = {isa = PBXBuildFile; fileRef = 85FE6B5F2A0C17F3003F7F1C /* WeatherData.swift */; };
/* End PBXBuildFile section */

/* Begin PBXContainerItemProxy section */
		859AB9F029ED43E9004246A3 /* PBXContainerItemProxy */ = {
			isa = PBXContainerItemProxy;
			containerPortal = 859AB9D629ED43E7004246A3 /* Project object */;
			proxyType = 1;
			remoteGlobalIDString = 859AB9DD29ED43E8004246A3;
			remoteInfo = Weather;
		};
		859AB9FA29ED43E9004246A3 /* PBXContainerItemProxy */ = {
			isa = PBXContainerItemProxy;
			containerPortal = 859AB9D629ED43E7004246A3 /* Project object */;
			proxyType = 1;
			remoteGlobalIDString = 859AB9DD29ED43E8004246A3;
			remoteInfo = Weather;
		};
/* End PBXContainerItemProxy section */

/* Begin PBXFileReference section */
		850B7C012A0ED22000CEEBAA /* WeatherDetailViews.swift */ = {isa = PBXFileReference; lastKnownFileType = sourcecode.swift; path = WeatherDetailViews.swift; sourceTree = "<group>"; };
		850B7C032A0ED74C00CEEBAA /* WeatherAlert.swift */ = {isa = PBXFileReference; lastKnownFileType = sourcecode.swift; path = WeatherAlert.swift; sourceTree = "<group>"; };
		852442782A1FFC9800A501B1 /* Int+toString.swift */ = {isa = PBXFileReference; lastKnownFileType = sourcecode.swift; path = "Int+toString.swift"; sourceTree = "<group>"; };
		85391EAB2A0FA638005A0F5C /* DegreesToCompassName.swift */ = {isa = PBXFileReference; lastKnownFileType = sourcecode.swift; path = DegreesToCompassName.swift; sourceTree = "<group>"; };
		85730EA729EEFFF7001DB918 /* README.md */ = {isa = PBXFileReference; lastKnownFileType = net.daringfireball.markdown; path = README.md; sourceTree = "<group>"; };
		85730EA929EF360A001DB918 /* MultipleDayLoading.swift */ = {isa = PBXFileReference; lastKnownFileType = sourcecode.swift; path = MultipleDayLoading.swift; sourceTree = "<group>"; };
		8574129229F5859600CFC20F /* Int+toTimestamp.swift */ = {isa = PBXFileReference; lastKnownFileType = sourcecode.swift; path = "Int+toTimestamp.swift"; sourceTree = "<group>"; };
		858EA0B229F8F1BF0021EAAC /* FiveDayWeatherHour.swift */ = {isa = PBXFileReference; lastKnownFileType = sourcecode.swift; path = FiveDayWeatherHour.swift; sourceTree = "<group>"; };
		858EA0BF29F9B0FE0021EAAC /* HourItemView.swift */ = {isa = PBXFileReference; lastKnownFileType = sourcecode.swift; path = HourItemView.swift; sourceTree = "<group>"; };
		858EA0C529FADDB80021EAAC /* Float+removeZeros.swift */ = {isa = PBXFileReference; lastKnownFileType = sourcecode.swift; path = "Float+removeZeros.swift"; sourceTree = "<group>"; };
		858EA0C829FADFDA0021EAAC /* FiveDayWeatherHourToWeatherHour.swift */ = {isa = PBXFileReference; lastKnownFileType = sourcecode.swift; path = FiveDayWeatherHourToWeatherHour.swift; sourceTree = "<group>"; };
		858EA0CC29FC35130021EAAC /* Int+getProperDateWord.swift */ = {isa = PBXFileReference; lastKnownFileType = sourcecode.swift; path = "Int+getProperDateWord.swift"; sourceTree = "<group>"; };
		859AB9DE29ED43E8004246A3 /* Weather.app */ = {isa = PBXFileReference; explicitFileType = wrapper.application; includeInIndex = 0; path = Weather.app; sourceTree = BUILT_PRODUCTS_DIR; };
		859AB9E129ED43E8004246A3 /* WeatherApp.swift */ = {isa = PBXFileReference; lastKnownFileType = sourcecode.swift; path = WeatherApp.swift; sourceTree = "<group>"; };
		859AB9E329ED43E8004246A3 /* WeatherView.swift */ = {isa = PBXFileReference; lastKnownFileType = sourcecode.swift; path = WeatherView.swift; sourceTree = "<group>"; };
		859AB9E529ED43E9004246A3 /* Assets.xcassets */ = {isa = PBXFileReference; lastKnownFileType = folder.assetcatalog; path = Assets.xcassets; sourceTree = "<group>"; };
		859AB9E829ED43E9004246A3 /* Preview Assets.xcassets */ = {isa = PBXFileReference; lastKnownFileType = folder.assetcatalog; path = "Preview Assets.xcassets"; sourceTree = "<group>"; };
		859AB9EA29ED43E9004246A3 /* Weather.entitlements */ = {isa = PBXFileReference; lastKnownFileType = text.plist.entitlements; path = Weather.entitlements; sourceTree = "<group>"; };
		859AB9EF29ED43E9004246A3 /* WeatherTests.xctest */ = {isa = PBXFileReference; explicitFileType = wrapper.cfbundle; includeInIndex = 0; path = WeatherTests.xctest; sourceTree = BUILT_PRODUCTS_DIR; };
		859AB9F329ED43E9004246A3 /* WeatherTests.swift */ = {isa = PBXFileReference; lastKnownFileType = sourcecode.swift; path = WeatherTests.swift; sourceTree = "<group>"; };
		859AB9F929ED43E9004246A3 /* WeatherUITests.xctest */ = {isa = PBXFileReference; explicitFileType = wrapper.cfbundle; includeInIndex = 0; path = WeatherUITests.xctest; sourceTree = BUILT_PRODUCTS_DIR; };
		859AB9FD29ED43E9004246A3 /* WeatherUITests.swift */ = {isa = PBXFileReference; lastKnownFileType = sourcecode.swift; path = WeatherUITests.swift; sourceTree = "<group>"; };
		859AB9FF29ED43E9004246A3 /* WeatherUITestsLaunchTests.swift */ = {isa = PBXFileReference; lastKnownFileType = sourcecode.swift; path = WeatherUITestsLaunchTests.swift; sourceTree = "<group>"; };
		859ABA0C29ED49F8004246A3 /* Helpers.swift */ = {isa = PBXFileReference; lastKnownFileType = sourcecode.swift; path = Helpers.swift; sourceTree = "<group>"; };
		859B35BA29F1C8B000D63031 /* SettingsView.swift */ = {isa = PBXFileReference; lastKnownFileType = sourcecode.swift; path = SettingsView.swift; sourceTree = "<group>"; };
		859B35BF29F2FC9900D63031 /* String+remove.swift */ = {isa = PBXFileReference; lastKnownFileType = sourcecode.swift; path = "String+remove.swift"; sourceTree = "<group>"; };
		859B35C229F3C24B00D63031 /* WeatherHour.swift */ = {isa = PBXFileReference; lastKnownFileType = sourcecode.swift; path = WeatherHour.swift; sourceTree = "<group>"; };
		859B35C429F3C28300D63031 /* WeatherDescription.swift */ = {isa = PBXFileReference; lastKnownFileType = sourcecode.swift; path = WeatherDescription.swift; sourceTree = "<group>"; };
		85C8A89F29F59E08002258E7 /* WeatherDay.swift */ = {isa = PBXFileReference; lastKnownFileType = sourcecode.swift; path = WeatherDay.swift; sourceTree = "<group>"; };
		85C8A8A129F59E16002258E7 /* WeatherForecast.swift */ = {isa = PBXFileReference; lastKnownFileType = sourcecode.swift; path = WeatherForecast.swift; sourceTree = "<group>"; };
		85C8A8A429F6E2CB002258E7 /* String+iconToImage.swift */ = {isa = PBXFileReference; lastKnownFileType = sourcecode.swift; path = "String+iconToImage.swift"; sourceTree = "<group>"; };
		85C9E60C29F83F460025BD42 /* Output.swift */ = {isa = PBXFileReference; lastKnownFileType = sourcecode.swift; path = Output.swift; sourceTree = "<group>"; };
		85C9E64729F871600025BD42 /* IconImage.swift */ = {isa = PBXFileReference; lastKnownFileType = sourcecode.swift; path = IconImage.swift; sourceTree = "<group>"; };
		85CD0C502A0FF82E00E531FD /* Collections+safe.swift */ = {isa = PBXFileReference; lastKnownFileType = sourcecode.swift; path = "Collections+safe.swift"; sourceTree = "<group>"; };
		85CD0C572A10305B00E531FD /* Save.swift */ = {isa = PBXFileReference; lastKnownFileType = sourcecode.swift; path = Save.swift; sourceTree = "<group>"; };
		85CD0C5A2A10B03700E531FD /* Locations.swift */ = {isa = PBXFileReference; lastKnownFileType = sourcecode.swift; path = Locations.swift; sourceTree = "<group>"; };
		85D6D3AF29F514E10080FB54 /* WeatherViews.swift */ = {isa = PBXFileReference; lastKnownFileType = sourcecode.swift; path = WeatherViews.swift; sourceTree = "<group>"; };
		85D6D3B129F51B5B0080FB54 /* Float+toInt.swift */ = {isa = PBXFileReference; lastKnownFileType = sourcecode.swift; path = "Float+toInt.swift"; sourceTree = "<group>"; };
		85D8F2E42A0ADB0600DA179C /* WeatherMinute.swift */ = {isa = PBXFileReference; lastKnownFileType = sourcecode.swift; path = WeatherMinute.swift; sourceTree = "<group>"; };
		85D90D982A0F5D0200B9674A /* Location.swift */ = {isa = PBXFileReference; lastKnownFileType = sourcecode.swift; path = Location.swift; sourceTree = "<group>"; };
		85D90D9A2A0F5FC400B9674A /* WeatherMainView.swift */ = {isa = PBXFileReference; lastKnownFileType = sourcecode.swift; path = WeatherMainView.swift; sourceTree = "<group>"; };
		85D90D9C2A0F80EB00B9674A /* LICENSE.md */ = {isa = PBXFileReference; lastKnownFileType = net.daringfireball.markdown; path = LICENSE.md; sourceTree = "<group>"; };
		85E535B72A21D59E00C3093B /* WeatherDayDaily.swift */ = {isa = PBXFileReference; lastKnownFileType = sourcecode.swift; path = WeatherDayDaily.swift; sourceTree = "<group>"; };
		85E535B92A21D6B000C3093B /* TemperatureDaily.swift */ = {isa = PBXFileReference; lastKnownFileType = sourcecode.swift; path = TemperatureDaily.swift; sourceTree = "<group>"; };
		85E535BB2A21D86E00C3093B /* FeelsLikeDaily.swift */ = {isa = PBXFileReference; lastKnownFileType = sourcecode.swift; path = FeelsLikeDaily.swift; sourceTree = "<group>"; };
		85E535BE2A22933E00C3093B /* VForm.swift */ = {isa = PBXFileReference; lastKnownFileType = sourcecode.swift; path = VForm.swift; sourceTree = "<group>"; };
		85E535C02A2318D300C3093B /* String+iconToBackground.swift */ = {isa = PBXFileReference; lastKnownFileType = sourcecode.swift; path = "String+iconToBackground.swift"; sourceTree = "<group>"; };
		85E7420A2A0806C20026C647 /* SineLine.swift */ = {isa = PBXFileReference; lastKnownFileType = sourcecode.swift; path = SineLine.swift; sourceTree = "<group>"; };
		85FE6B5F2A0C17F3003F7F1C /* WeatherData.swift */ = {isa = PBXFileReference; lastKnownFileType = sourcecode.swift; path = WeatherData.swift; sourceTree = "<group>"; };
/* End PBXFileReference section */

/* Begin PBXFrameworksBuildPhase section */
		859AB9DB29ED43E8004246A3 /* Frameworks */ = {
			isa = PBXFrameworksBuildPhase;
			buildActionMask = 2147483647;
			files = (
				859B35BE29F1CA7400D63031 /* SwiftyJSON in Frameworks */,
			);
			runOnlyForDeploymentPostprocessing = 0;
		};
		859AB9EC29ED43E9004246A3 /* Frameworks */ = {
			isa = PBXFrameworksBuildPhase;
			buildActionMask = 2147483647;
			files = (
			);
			runOnlyForDeploymentPostprocessing = 0;
		};
		859AB9F629ED43E9004246A3 /* Frameworks */ = {
			isa = PBXFrameworksBuildPhase;
			buildActionMask = 2147483647;
			files = (
			);
			runOnlyForDeploymentPostprocessing = 0;
		};
/* End PBXFrameworksBuildPhase section */

/* Begin PBXGroup section */
		85730EA029ED97EA001DB918 /* Extensions */ = {
			isa = PBXGroup;
			children = (
				85C8A8A429F6E2CB002258E7 /* String+iconToImage.swift */,
				859B35BF29F2FC9900D63031 /* String+remove.swift */,
				85D6D3B129F51B5B0080FB54 /* Float+toInt.swift */,
				8574129229F5859600CFC20F /* Int+toTimestamp.swift */,
				858EA0C529FADDB80021EAAC /* Float+removeZeros.swift */,
				858EA0CC29FC35130021EAAC /* Int+getProperDateWord.swift */,
				85CD0C502A0FF82E00E531FD /* Collections+safe.swift */,
				852442782A1FFC9800A501B1 /* Int+toString.swift */,
				85E535C02A2318D300C3093B /* String+iconToBackground.swift */,
			);
			path = Extensions;
			sourceTree = "<group>";
		};
		858EA0C729FADFC50021EAAC /* Converters */ = {
			isa = PBXGroup;
			children = (
				858EA0C829FADFDA0021EAAC /* FiveDayWeatherHourToWeatherHour.swift */,
				85391EAB2A0FA638005A0F5C /* DegreesToCompassName.swift */,
			);
			path = Converters;
			sourceTree = "<group>";
		};
		859AB9D529ED43E7004246A3 = {
			isa = PBXGroup;
			children = (
				85D90D9C2A0F80EB00B9674A /* LICENSE.md */,
				85730EA729EEFFF7001DB918 /* README.md */,
				859AB9E029ED43E8004246A3 /* Weather */,
				859AB9F229ED43E9004246A3 /* WeatherTests */,
				859AB9FC29ED43E9004246A3 /* WeatherUITests */,
				859AB9DF29ED43E8004246A3 /* Products */,
			);
			sourceTree = "<group>";
		};
		859AB9DF29ED43E8004246A3 /* Products */ = {
			isa = PBXGroup;
			children = (
				859AB9DE29ED43E8004246A3 /* Weather.app */,
				859AB9EF29ED43E9004246A3 /* WeatherTests.xctest */,
				859AB9F929ED43E9004246A3 /* WeatherUITests.xctest */,
			);
			name = Products;
			sourceTree = "<group>";
		};
		859AB9E029ED43E8004246A3 /* Weather */ = {
			isa = PBXGroup;
			children = (
				85CD0C552A10301A00E531FD /* Utilities */,
				85CD0C522A102FC800E531FD /* Features */,
				859AB9E129ED43E8004246A3 /* WeatherApp.swift */,
				859AB9E329ED43E8004246A3 /* WeatherView.swift */,
				859AB9E529ED43E9004246A3 /* Assets.xcassets */,
				859AB9EA29ED43E9004246A3 /* Weather.entitlements */,
				859AB9E729ED43E9004246A3 /* Preview Content */,
				859ABA0C29ED49F8004246A3 /* Helpers.swift */,
			);
			path = Weather;
			sourceTree = "<group>";
		};
		859AB9E729ED43E9004246A3 /* Preview Content */ = {
			isa = PBXGroup;
			children = (
				859AB9E829ED43E9004246A3 /* Preview Assets.xcassets */,
			);
			path = "Preview Content";
			sourceTree = "<group>";
		};
		859AB9F229ED43E9004246A3 /* WeatherTests */ = {
			isa = PBXGroup;
			children = (
				859AB9F329ED43E9004246A3 /* WeatherTests.swift */,
			);
			path = WeatherTests;
			sourceTree = "<group>";
		};
		859AB9FC29ED43E9004246A3 /* WeatherUITests */ = {
			isa = PBXGroup;
			children = (
				859AB9FD29ED43E9004246A3 /* WeatherUITests.swift */,
				859AB9FF29ED43E9004246A3 /* WeatherUITestsLaunchTests.swift */,
			);
			path = WeatherUITests;
			sourceTree = "<group>";
		};
		859B35C129F3C22900D63031 /* Structs */ = {
			isa = PBXGroup;
			children = (
				85C9E60C29F83F460025BD42 /* Output.swift */,
				85D90D982A0F5D0200B9674A /* Location.swift */,
			);
			path = Structs;
			sourceTree = "<group>";
		};
		85CBA34429FFAB7C00A00251 /* Settings */ = {
			isa = PBXGroup;
			children = (
				859B35BA29F1C8B000D63031 /* SettingsView.swift */,
			);
			path = Settings;
			sourceTree = "<group>";
		};
		85CD0C522A102FC800E531FD /* Features */ = {
			isa = PBXGroup;
			children = (
				85CD0C592A10309100E531FD /* WeatherViews */,
				85CD0C562A10304F00E531FD /* Saving */,
				85CD0C542A102FFB00E531FD /* WeatherViewHelpers */,
				85CD0C532A102FE000E531FD /* WeatherData */,
				859B35C129F3C22900D63031 /* Structs */,
				858EA0C729FADFC50021EAAC /* Converters */,
				85CBA34429FFAB7C00A00251 /* Settings */,
			);
			path = Features;
			sourceTree = "<group>";
		};
		85CD0C532A102FE000E531FD /* WeatherData */ = {
			isa = PBXGroup;
			children = (
				85730EA929EF360A001DB918 /* MultipleDayLoading.swift */,
				859B35C229F3C24B00D63031 /* WeatherHour.swift */,
				859B35C429F3C28300D63031 /* WeatherDescription.swift */,
				85C8A89F29F59E08002258E7 /* WeatherDay.swift */,
				85C8A8A129F59E16002258E7 /* WeatherForecast.swift */,
				858EA0B229F8F1BF0021EAAC /* FiveDayWeatherHour.swift */,
				85D8F2E42A0ADB0600DA179C /* WeatherMinute.swift */,
				85FE6B5F2A0C17F3003F7F1C /* WeatherData.swift */,
				850B7C032A0ED74C00CEEBAA /* WeatherAlert.swift */,
				85E535B72A21D59E00C3093B /* WeatherDayDaily.swift */,
				85E535B92A21D6B000C3093B /* TemperatureDaily.swift */,
				85E535BB2A21D86E00C3093B /* FeelsLikeDaily.swift */,
			);
			path = WeatherData;
			sourceTree = "<group>";
		};
		85CD0C542A102FFB00E531FD /* WeatherViewHelpers */ = {
			isa = PBXGroup;
			children = (
				85E7420A2A0806C20026C647 /* SineLine.swift */,
				85C9E64729F871600025BD42 /* IconImage.swift */,
				858EA0BF29F9B0FE0021EAAC /* HourItemView.swift */,
				85D90D9A2A0F5FC400B9674A /* WeatherMainView.swift */,
			);
			path = WeatherViewHelpers;
			sourceTree = "<group>";
		};
		85CD0C552A10301A00E531FD /* Utilities */ = {
			isa = PBXGroup;
			children = (
				85E535BD2A22932D00C3093B /* CustomViews */,
				85730EA029ED97EA001DB918 /* Extensions */,
			);
			path = Utilities;
			sourceTree = "<group>";
		};
		85CD0C562A10304F00E531FD /* Saving */ = {
			isa = PBXGroup;
			children = (
				85CD0C572A10305B00E531FD /* Save.swift */,
				85CD0C5A2A10B03700E531FD /* Locations.swift */,
			);
			path = Saving;
			sourceTree = "<group>";
		};
		85CD0C592A10309100E531FD /* WeatherViews */ = {
			isa = PBXGroup;
			children = (
				85D6D3AF29F514E10080FB54 /* WeatherViews.swift */,
				850B7C012A0ED22000CEEBAA /* WeatherDetailViews.swift */,
			);
			path = WeatherViews;
			sourceTree = "<group>";
		};
		85E535BD2A22932D00C3093B /* CustomViews */ = {
			isa = PBXGroup;
			children = (
				85E535BE2A22933E00C3093B /* VForm.swift */,
			);
			path = CustomViews;
			sourceTree = "<group>";
		};
/* End PBXGroup section */

/* Begin PBXNativeTarget section */
		859AB9DD29ED43E8004246A3 /* Weather */ = {
			isa = PBXNativeTarget;
			buildConfigurationList = 859ABA0329ED43E9004246A3 /* Build configuration list for PBXNativeTarget "Weather" */;
			buildPhases = (
				859AB9DA29ED43E8004246A3 /* Sources */,
				859AB9DB29ED43E8004246A3 /* Frameworks */,
				859AB9DC29ED43E8004246A3 /* Resources */,
				85730EA529ED9A75001DB918 /* ShellScript */,
			);
			buildRules = (
			);
			dependencies = (
			);
			name = Weather;
			packageProductDependencies = (
				859B35BD29F1CA7400D63031 /* SwiftyJSON */,
			);
			productName = Weather;
			productReference = 859AB9DE29ED43E8004246A3 /* Weather.app */;
			productType = "com.apple.product-type.application";
		};
		859AB9EE29ED43E9004246A3 /* WeatherTests */ = {
			isa = PBXNativeTarget;
			buildConfigurationList = 859ABA0629ED43E9004246A3 /* Build configuration list for PBXNativeTarget "WeatherTests" */;
			buildPhases = (
				859AB9EB29ED43E9004246A3 /* Sources */,
				859AB9EC29ED43E9004246A3 /* Frameworks */,
				859AB9ED29ED43E9004246A3 /* Resources */,
			);
			buildRules = (
			);
			dependencies = (
				859AB9F129ED43E9004246A3 /* PBXTargetDependency */,
			);
			name = WeatherTests;
			productName = WeatherTests;
			productReference = 859AB9EF29ED43E9004246A3 /* WeatherTests.xctest */;
			productType = "com.apple.product-type.bundle.unit-test";
		};
		859AB9F829ED43E9004246A3 /* WeatherUITests */ = {
			isa = PBXNativeTarget;
			buildConfigurationList = 859ABA0929ED43E9004246A3 /* Build configuration list for PBXNativeTarget "WeatherUITests" */;
			buildPhases = (
				859AB9F529ED43E9004246A3 /* Sources */,
				859AB9F629ED43E9004246A3 /* Frameworks */,
				859AB9F729ED43E9004246A3 /* Resources */,
			);
			buildRules = (
			);
			dependencies = (
				859AB9FB29ED43E9004246A3 /* PBXTargetDependency */,
			);
			name = WeatherUITests;
			productName = WeatherUITests;
			productReference = 859AB9F929ED43E9004246A3 /* WeatherUITests.xctest */;
			productType = "com.apple.product-type.bundle.ui-testing";
		};
/* End PBXNativeTarget section */

/* Begin PBXProject section */
		859AB9D629ED43E7004246A3 /* Project object */ = {
			isa = PBXProject;
			attributes = {
				BuildIndependentTargetsInParallel = 1;
				LastSwiftUpdateCheck = 1430;
				LastUpgradeCheck = 1430;
				TargetAttributes = {
					859AB9DD29ED43E8004246A3 = {
						CreatedOnToolsVersion = 14.3;
					};
					859AB9EE29ED43E9004246A3 = {
						CreatedOnToolsVersion = 14.3;
						TestTargetID = 859AB9DD29ED43E8004246A3;
					};
					859AB9F829ED43E9004246A3 = {
						CreatedOnToolsVersion = 14.3;
						TestTargetID = 859AB9DD29ED43E8004246A3;
					};
				};
			};
			buildConfigurationList = 859AB9D929ED43E7004246A3 /* Build configuration list for PBXProject "Weather" */;
			compatibilityVersion = "Xcode 14.0";
			developmentRegion = en;
			hasScannedForEncodings = 0;
			knownRegions = (
				en,
				Base,
			);
			mainGroup = 859AB9D529ED43E7004246A3;
			packageReferences = (
				859B35BC29F1CA7400D63031 /* XCRemoteSwiftPackageReference "SwiftyJSON" */,
			);
			productRefGroup = 859AB9DF29ED43E8004246A3 /* Products */;
			projectDirPath = "";
			projectRoot = "";
			targets = (
				859AB9DD29ED43E8004246A3 /* Weather */,
				859AB9EE29ED43E9004246A3 /* WeatherTests */,
				859AB9F829ED43E9004246A3 /* WeatherUITests */,
			);
		};
/* End PBXProject section */

/* Begin PBXResourcesBuildPhase section */
		859AB9DC29ED43E8004246A3 /* Resources */ = {
			isa = PBXResourcesBuildPhase;
			buildActionMask = 2147483647;
			files = (
				85730EA829EEFFF7001DB918 /* README.md in Resources */,
				859AB9E929ED43E9004246A3 /* Preview Assets.xcassets in Resources */,
				859AB9E629ED43E9004246A3 /* Assets.xcassets in Resources */,
			);
			runOnlyForDeploymentPostprocessing = 0;
		};
		859AB9ED29ED43E9004246A3 /* Resources */ = {
			isa = PBXResourcesBuildPhase;
			buildActionMask = 2147483647;
			files = (
			);
			runOnlyForDeploymentPostprocessing = 0;
		};
		859AB9F729ED43E9004246A3 /* Resources */ = {
			isa = PBXResourcesBuildPhase;
			buildActionMask = 2147483647;
			files = (
			);
			runOnlyForDeploymentPostprocessing = 0;
		};
/* End PBXResourcesBuildPhase section */

/* Begin PBXShellScriptBuildPhase section */
		85730EA529ED9A75001DB918 /* ShellScript */ = {
			isa = PBXShellScriptBuildPhase;
			alwaysOutOfDate = 1;
			buildActionMask = 2147483647;
			files = (
			);
			inputFileListPaths = (
			);
			inputPaths = (
			);
			outputFileListPaths = (
			);
			outputPaths = (
			);
			runOnlyForDeploymentPostprocessing = 0;
			shellPath = /bin/sh;
			shellScript = "export PATH=\"$PATH:/opt/homebrew/bin\"\n\nswiftlint --strict\n";
		};
/* End PBXShellScriptBuildPhase section */

/* Begin PBXSourcesBuildPhase section */
		859AB9DA29ED43E8004246A3 /* Sources */ = {
			isa = PBXSourcesBuildPhase;
			buildActionMask = 2147483647;
			files = (
				850B7C022A0ED22000CEEBAA /* WeatherDetailViews.swift in Sources */,
				859AB9E429ED43E8004246A3 /* WeatherView.swift in Sources */,
				852442792A1FFC9800A501B1 /* Int+toString.swift in Sources */,
				85C8A8A229F59E16002258E7 /* WeatherForecast.swift in Sources */,
				85E535BF2A22933E00C3093B /* VForm.swift in Sources */,
				85CD0C582A10305B00E531FD /* Save.swift in Sources */,
				8574129329F5859600CFC20F /* Int+toTimestamp.swift in Sources */,
				85E535BC2A21D86E00C3093B /* FeelsLikeDaily.swift in Sources */,
				85D90D9B2A0F5FC400B9674A /* WeatherMainView.swift in Sources */,
				85D6D3B229F51B5B0080FB54 /* Float+toInt.swift in Sources */,
				85D6D3B029F514E10080FB54 /* WeatherViews.swift in Sources */,
				859ABA0D29ED49F8004246A3 /* Helpers.swift in Sources */,
				85391EAC2A0FA638005A0F5C /* DegreesToCompassName.swift in Sources */,
				850B7C042A0ED74C00CEEBAA /* WeatherAlert.swift in Sources */,
				85FE6B602A0C17F3003F7F1C /* WeatherData.swift in Sources */,
				859B35C329F3C24B00D63031 /* WeatherHour.swift in Sources */,
				85E535C12A2318D300C3093B /* String+iconToBackground.swift in Sources */,
				858EA0C629FADDB80021EAAC /* Float+removeZeros.swift in Sources */,
				858EA0C029F9B0FE0021EAAC /* HourItemView.swift in Sources */,
				85C9E64829F871600025BD42 /* IconImage.swift in Sources */,
				85D90D992A0F5D0200B9674A /* Location.swift in Sources */,
				85CD0C512A0FF82E00E531FD /* Collections+safe.swift in Sources */,
				858EA0B329F8F1BF0021EAAC /* FiveDayWeatherHour.swift in Sources */,
				858EA0C929FADFDA0021EAAC /* FiveDayWeatherHourToWeatherHour.swift in Sources */,
				85E7420B2A0806C20026C647 /* SineLine.swift in Sources */,
				85C9E60D29F83F460025BD42 /* Output.swift in Sources */,
				85CD0C5B2A10B03700E531FD /* Locations.swift in Sources */,
				85C8A8A529F6E2CB002258E7 /* String+iconToImage.swift in Sources */,
				85E535BA2A21D6B000C3093B /* TemperatureDaily.swift in Sources */,
				85D8F2E52A0ADB0600DA179C /* WeatherMinute.swift in Sources */,
				859B35BB29F1C8B000D63031 /* SettingsView.swift in Sources */,
				85C8A8A029F59E08002258E7 /* WeatherDay.swift in Sources */,
				859B35C529F3C28300D63031 /* WeatherDescription.swift in Sources */,
				85E535B82A21D59E00C3093B /* WeatherDayDaily.swift in Sources */,
				859B35C029F2FC9900D63031 /* String+remove.swift in Sources */,
				859AB9E229ED43E8004246A3 /* WeatherApp.swift in Sources */,
				858EA0CD29FC35140021EAAC /* Int+getProperDateWord.swift in Sources */,
				85730EAA29EF360A001DB918 /* MultipleDayLoading.swift in Sources */,
			);
			runOnlyForDeploymentPostprocessing = 0;
		};
		859AB9EB29ED43E9004246A3 /* Sources */ = {
			isa = PBXSourcesBuildPhase;
			buildActionMask = 2147483647;
			files = (
				859AB9F429ED43E9004246A3 /* WeatherTests.swift in Sources */,
			);
			runOnlyForDeploymentPostprocessing = 0;
		};
		859AB9F529ED43E9004246A3 /* Sources */ = {
			isa = PBXSourcesBuildPhase;
			buildActionMask = 2147483647;
			files = (
				859AB9FE29ED43E9004246A3 /* WeatherUITests.swift in Sources */,
				859ABA0029ED43E9004246A3 /* WeatherUITestsLaunchTests.swift in Sources */,
			);
			runOnlyForDeploymentPostprocessing = 0;
		};
/* End PBXSourcesBuildPhase section */

/* Begin PBXTargetDependency section */
		859AB9F129ED43E9004246A3 /* PBXTargetDependency */ = {
			isa = PBXTargetDependency;
			target = 859AB9DD29ED43E8004246A3 /* Weather */;
			targetProxy = 859AB9F029ED43E9004246A3 /* PBXContainerItemProxy */;
		};
		859AB9FB29ED43E9004246A3 /* PBXTargetDependency */ = {
			isa = PBXTargetDependency;
			target = 859AB9DD29ED43E8004246A3 /* Weather */;
			targetProxy = 859AB9FA29ED43E9004246A3 /* PBXContainerItemProxy */;
		};
/* End PBXTargetDependency section */

/* Begin XCBuildConfiguration section */
		859ABA0129ED43E9004246A3 /* Debug */ = {
			isa = XCBuildConfiguration;
			buildSettings = {
				ALWAYS_SEARCH_USER_PATHS = NO;
				CLANG_ANALYZER_NONNULL = YES;
				CLANG_ANALYZER_NUMBER_OBJECT_CONVERSION = YES_AGGRESSIVE;
				CLANG_CXX_LANGUAGE_STANDARD = "gnu++20";
				CLANG_ENABLE_MODULES = YES;
				CLANG_ENABLE_OBJC_ARC = YES;
				CLANG_ENABLE_OBJC_WEAK = YES;
				CLANG_WARN_BLOCK_CAPTURE_AUTORELEASING = YES;
				CLANG_WARN_BOOL_CONVERSION = YES;
				CLANG_WARN_COMMA = YES;
				CLANG_WARN_CONSTANT_CONVERSION = YES;
				CLANG_WARN_DEPRECATED_OBJC_IMPLEMENTATIONS = YES;
				CLANG_WARN_DIRECT_OBJC_ISA_USAGE = YES_ERROR;
				CLANG_WARN_DOCUMENTATION_COMMENTS = YES;
				CLANG_WARN_EMPTY_BODY = YES;
				CLANG_WARN_ENUM_CONVERSION = YES;
				CLANG_WARN_INFINITE_RECURSION = YES;
				CLANG_WARN_INT_CONVERSION = YES;
				CLANG_WARN_NON_LITERAL_NULL_CONVERSION = YES;
				CLANG_WARN_OBJC_IMPLICIT_RETAIN_SELF = YES;
				CLANG_WARN_OBJC_LITERAL_CONVERSION = YES;
				CLANG_WARN_OBJC_ROOT_CLASS = YES_ERROR;
				CLANG_WARN_QUOTED_INCLUDE_IN_FRAMEWORK_HEADER = YES;
				CLANG_WARN_RANGE_LOOP_ANALYSIS = YES;
				CLANG_WARN_STRICT_PROTOTYPES = YES;
				CLANG_WARN_SUSPICIOUS_MOVE = YES;
				CLANG_WARN_UNGUARDED_AVAILABILITY = YES_AGGRESSIVE;
				CLANG_WARN_UNREACHABLE_CODE = YES;
				CLANG_WARN__DUPLICATE_METHOD_MATCH = YES;
				COPY_PHASE_STRIP = NO;
				DEBUG_INFORMATION_FORMAT = dwarf;
				ENABLE_STRICT_OBJC_MSGSEND = YES;
				ENABLE_TESTABILITY = YES;
				GCC_C_LANGUAGE_STANDARD = gnu11;
				GCC_DYNAMIC_NO_PIC = NO;
				GCC_NO_COMMON_BLOCKS = YES;
				GCC_OPTIMIZATION_LEVEL = 0;
				GCC_PREPROCESSOR_DEFINITIONS = (
					"DEBUG=1",
					"$(inherited)",
				);
				GCC_WARN_64_TO_32_BIT_CONVERSION = YES;
				GCC_WARN_ABOUT_RETURN_TYPE = YES_ERROR;
				GCC_WARN_UNDECLARED_SELECTOR = YES;
				GCC_WARN_UNINITIALIZED_AUTOS = YES_AGGRESSIVE;
				GCC_WARN_UNUSED_FUNCTION = YES;
				GCC_WARN_UNUSED_VARIABLE = YES;
				MACOSX_DEPLOYMENT_TARGET = 13.0;
				MTL_ENABLE_DEBUG_INFO = INCLUDE_SOURCE;
				MTL_FAST_MATH = YES;
				ONLY_ACTIVE_ARCH = YES;
				SDKROOT = macosx;
				SWIFT_ACTIVE_COMPILATION_CONDITIONS = DEBUG;
				SWIFT_EMIT_LOC_STRINGS = YES;
				SWIFT_OPTIMIZATION_LEVEL = "-Onone";
			};
			name = Debug;
		};
		859ABA0229ED43E9004246A3 /* Release */ = {
			isa = XCBuildConfiguration;
			buildSettings = {
				ALWAYS_SEARCH_USER_PATHS = NO;
				CLANG_ANALYZER_NONNULL = YES;
				CLANG_ANALYZER_NUMBER_OBJECT_CONVERSION = YES_AGGRESSIVE;
				CLANG_CXX_LANGUAGE_STANDARD = "gnu++20";
				CLANG_ENABLE_MODULES = YES;
				CLANG_ENABLE_OBJC_ARC = YES;
				CLANG_ENABLE_OBJC_WEAK = YES;
				CLANG_WARN_BLOCK_CAPTURE_AUTORELEASING = YES;
				CLANG_WARN_BOOL_CONVERSION = YES;
				CLANG_WARN_COMMA = YES;
				CLANG_WARN_CONSTANT_CONVERSION = YES;
				CLANG_WARN_DEPRECATED_OBJC_IMPLEMENTATIONS = YES;
				CLANG_WARN_DIRECT_OBJC_ISA_USAGE = YES_ERROR;
				CLANG_WARN_DOCUMENTATION_COMMENTS = YES;
				CLANG_WARN_EMPTY_BODY = YES;
				CLANG_WARN_ENUM_CONVERSION = YES;
				CLANG_WARN_INFINITE_RECURSION = YES;
				CLANG_WARN_INT_CONVERSION = YES;
				CLANG_WARN_NON_LITERAL_NULL_CONVERSION = YES;
				CLANG_WARN_OBJC_IMPLICIT_RETAIN_SELF = YES;
				CLANG_WARN_OBJC_LITERAL_CONVERSION = YES;
				CLANG_WARN_OBJC_ROOT_CLASS = YES_ERROR;
				CLANG_WARN_QUOTED_INCLUDE_IN_FRAMEWORK_HEADER = YES;
				CLANG_WARN_RANGE_LOOP_ANALYSIS = YES;
				CLANG_WARN_STRICT_PROTOTYPES = YES;
				CLANG_WARN_SUSPICIOUS_MOVE = YES;
				CLANG_WARN_UNGUARDED_AVAILABILITY = YES_AGGRESSIVE;
				CLANG_WARN_UNREACHABLE_CODE = YES;
				CLANG_WARN__DUPLICATE_METHOD_MATCH = YES;
				COPY_PHASE_STRIP = NO;
				DEBUG_INFORMATION_FORMAT = "dwarf-with-dsym";
				ENABLE_NS_ASSERTIONS = NO;
				ENABLE_STRICT_OBJC_MSGSEND = YES;
				GCC_C_LANGUAGE_STANDARD = gnu11;
				GCC_NO_COMMON_BLOCKS = YES;
				GCC_WARN_64_TO_32_BIT_CONVERSION = YES;
				GCC_WARN_ABOUT_RETURN_TYPE = YES_ERROR;
				GCC_WARN_UNDECLARED_SELECTOR = YES;
				GCC_WARN_UNINITIALIZED_AUTOS = YES_AGGRESSIVE;
				GCC_WARN_UNUSED_FUNCTION = YES;
				GCC_WARN_UNUSED_VARIABLE = YES;
				MACOSX_DEPLOYMENT_TARGET = 13.0;
				MTL_ENABLE_DEBUG_INFO = NO;
				MTL_FAST_MATH = YES;
				SDKROOT = macosx;
				SWIFT_COMPILATION_MODE = wholemodule;
				SWIFT_EMIT_LOC_STRINGS = YES;
				SWIFT_OPTIMIZATION_LEVEL = "-O";
			};
			name = Release;
		};
		859ABA0429ED43E9004246A3 /* Debug */ = {
			isa = XCBuildConfiguration;
			buildSettings = {
				ASSETCATALOG_COMPILER_APPICON_NAME = AppIcon;
				ASSETCATALOG_COMPILER_GLOBAL_ACCENT_COLOR_NAME = AccentColor;
				ASSETCATALOG_COMPILER_INCLUDE_ALL_APPICON_ASSETS = YES;
				CODE_SIGN_ENTITLEMENTS = Weather/Weather.entitlements;
				CODE_SIGN_STYLE = Automatic;
				COMBINE_HIDPI_IMAGES = YES;
				CURRENT_PROJECT_VERSION = 23;
				DEVELOPMENT_ASSET_PATHS = "\"Weather/Preview Content\"";
				ENABLE_PREVIEWS = NO;
				GENERATE_INFOPLIST_FILE = YES;
				INFOPLIST_KEY_CFBundleDisplayName = "World Wide Weather";
				INFOPLIST_KEY_LSApplicationCategoryType = "public.app-category.weather";
				INFOPLIST_KEY_NSHumanReadableCopyright = "";
				IPHONEOS_DEPLOYMENT_TARGET = 16.0;
				LD_RUNPATH_SEARCH_PATHS = (
					"$(inherited)",
					"@executable_path/../Frameworks",
				);
				MACOSX_DEPLOYMENT_TARGET = 13.0;
				MARKETING_VERSION = 1.0;
				PRODUCT_BUNDLE_IDENTIFIER = RaymondVleeshouwer.WorldWideWeather;
				PRODUCT_NAME = "$(TARGET_NAME)";
				SUPPORTED_PLATFORMS = "iphoneos iphonesimulator macosx";
				SUPPORTS_MACCATALYST = NO;
				SUPPORTS_MAC_DESIGNED_FOR_IPHONE_IPAD = NO;
				SWIFT_EMIT_LOC_STRINGS = YES;
				SWIFT_VERSION = 5.0;
				TARGETED_DEVICE_FAMILY = 2;
			};
			name = Debug;
		};
		859ABA0529ED43E9004246A3 /* Release */ = {
			isa = XCBuildConfiguration;
			buildSettings = {
				ASSETCATALOG_COMPILER_APPICON_NAME = AppIcon;
				ASSETCATALOG_COMPILER_GLOBAL_ACCENT_COLOR_NAME = AccentColor;
				ASSETCATALOG_COMPILER_INCLUDE_ALL_APPICON_ASSETS = YES;
				CODE_SIGN_ENTITLEMENTS = Weather/Weather.entitlements;
				CODE_SIGN_STYLE = Automatic;
				COMBINE_HIDPI_IMAGES = YES;
				CURRENT_PROJECT_VERSION = 23;
				DEVELOPMENT_ASSET_PATHS = "\"Weather/Preview Content\"";
				ENABLE_PREVIEWS = NO;
				GENERATE_INFOPLIST_FILE = YES;
				INFOPLIST_KEY_CFBundleDisplayName = "World Wide Weather";
				INFOPLIST_KEY_LSApplicationCategoryType = "public.app-category.weather";
				INFOPLIST_KEY_NSHumanReadableCopyright = "";
				IPHONEOS_DEPLOYMENT_TARGET = 16.0;
				LD_RUNPATH_SEARCH_PATHS = (
					"$(inherited)",
					"@executable_path/../Frameworks",
				);
				MACOSX_DEPLOYMENT_TARGET = 13.0;
				MARKETING_VERSION = 1.0;
				PRODUCT_BUNDLE_IDENTIFIER = RaymondVleeshouwer.WorldWideWeather;
				PRODUCT_NAME = "$(TARGET_NAME)";
				SUPPORTED_PLATFORMS = "iphoneos iphonesimulator macosx";
				SUPPORTS_MACCATALYST = NO;
				SUPPORTS_MAC_DESIGNED_FOR_IPHONE_IPAD = NO;
				SWIFT_EMIT_LOC_STRINGS = YES;
				SWIFT_VERSION = 5.0;
				TARGETED_DEVICE_FAMILY = 2;
			};
			name = Release;
		};
		859ABA0729ED43E9004246A3 /* Debug */ = {
			isa = XCBuildConfiguration;
			buildSettings = {
				ALWAYS_EMBED_SWIFT_STANDARD_LIBRARIES = YES;
				BUNDLE_LOADER = "$(TEST_HOST)";
				CODE_SIGN_STYLE = Automatic;
				CURRENT_PROJECT_VERSION = 1;
				GENERATE_INFOPLIST_FILE = YES;
				MACOSX_DEPLOYMENT_TARGET = 13.2;
				MARKETING_VERSION = 1.0;
				PRODUCT_BUNDLE_IDENTIFIER = RaymondVleeshouwer.WeatherTests;
				PRODUCT_NAME = "$(TARGET_NAME)";
				SWIFT_EMIT_LOC_STRINGS = NO;
				SWIFT_VERSION = 5.0;
				TEST_HOST = "$(BUILT_PRODUCTS_DIR)/Weather.app/$(BUNDLE_EXECUTABLE_FOLDER_PATH)/Weather";
			};
			name = Debug;
		};
		859ABA0829ED43E9004246A3 /* Release */ = {
			isa = XCBuildConfiguration;
			buildSettings = {
				ALWAYS_EMBED_SWIFT_STANDARD_LIBRARIES = YES;
				BUNDLE_LOADER = "$(TEST_HOST)";
				CODE_SIGN_STYLE = Automatic;
				CURRENT_PROJECT_VERSION = 1;
				GENERATE_INFOPLIST_FILE = YES;
				MACOSX_DEPLOYMENT_TARGET = 13.2;
				MARKETING_VERSION = 1.0;
				PRODUCT_BUNDLE_IDENTIFIER = RaymondVleeshouwer.WeatherTests;
				PRODUCT_NAME = "$(TARGET_NAME)";
				SWIFT_EMIT_LOC_STRINGS = NO;
				SWIFT_VERSION = 5.0;
				TEST_HOST = "$(BUILT_PRODUCTS_DIR)/Weather.app/$(BUNDLE_EXECUTABLE_FOLDER_PATH)/Weather";
			};
			name = Release;
		};
		859ABA0A29ED43E9004246A3 /* Debug */ = {
			isa = XCBuildConfiguration;
			buildSettings = {
				ALWAYS_EMBED_SWIFT_STANDARD_LIBRARIES = YES;
				CODE_SIGN_STYLE = Automatic;
				CURRENT_PROJECT_VERSION = 1;
				GENERATE_INFOPLIST_FILE = YES;
				MARKETING_VERSION = 1.0;
				PRODUCT_BUNDLE_IDENTIFIER = RaymondVleeshouwer.WeatherUITests;
				PRODUCT_NAME = "$(TARGET_NAME)";
				SWIFT_EMIT_LOC_STRINGS = NO;
				SWIFT_VERSION = 5.0;
				TEST_TARGET_NAME = Weather;
			};
			name = Debug;
		};
		859ABA0B29ED43E9004246A3 /* Release */ = {
			isa = XCBuildConfiguration;
			buildSettings = {
				ALWAYS_EMBED_SWIFT_STANDARD_LIBRARIES = YES;
				CODE_SIGN_STYLE = Automatic;
				CURRENT_PROJECT_VERSION = 1;
				GENERATE_INFOPLIST_FILE = YES;
				MARKETING_VERSION = 1.0;
				PRODUCT_BUNDLE_IDENTIFIER = RaymondVleeshouwer.WeatherUITests;
				PRODUCT_NAME = "$(TARGET_NAME)";
				SWIFT_EMIT_LOC_STRINGS = NO;
				SWIFT_VERSION = 5.0;
				TEST_TARGET_NAME = Weather;
			};
			name = Release;
		};
/* End XCBuildConfiguration section */

/* Begin XCConfigurationList section */
		859AB9D929ED43E7004246A3 /* Build configuration list for PBXProject "Weather" */ = {
			isa = XCConfigurationList;
			buildConfigurations = (
				859ABA0129ED43E9004246A3 /* Debug */,
				859ABA0229ED43E9004246A3 /* Release */,
			);
			defaultConfigurationIsVisible = 0;
			defaultConfigurationName = Debug;
		};
		859ABA0329ED43E9004246A3 /* Build configuration list for PBXNativeTarget "Weather" */ = {
			isa = XCConfigurationList;
			buildConfigurations = (
				859ABA0429ED43E9004246A3 /* Debug */,
				859ABA0529ED43E9004246A3 /* Release */,
			);
			defaultConfigurationIsVisible = 0;
			defaultConfigurationName = Debug;
		};
		859ABA0629ED43E9004246A3 /* Build configuration list for PBXNativeTarget "WeatherTests" */ = {
			isa = XCConfigurationList;
			buildConfigurations = (
				859ABA0729ED43E9004246A3 /* Debug */,
				859ABA0829ED43E9004246A3 /* Release */,
			);
			defaultConfigurationIsVisible = 0;
			defaultConfigurationName = Debug;
		};
		859ABA0929ED43E9004246A3 /* Build configuration list for PBXNativeTarget "WeatherUITests" */ = {
			isa = XCConfigurationList;
			buildConfigurations = (
				859ABA0A29ED43E9004246A3 /* Debug */,
				859ABA0B29ED43E9004246A3 /* Release */,
			);
			defaultConfigurationIsVisible = 0;
			defaultConfigurationName = Debug;
		};
/* End XCConfigurationList section */

/* Begin XCRemoteSwiftPackageReference section */
		859B35BC29F1CA7400D63031 /* XCRemoteSwiftPackageReference "SwiftyJSON" */ = {
			isa = XCRemoteSwiftPackageReference;
			repositoryURL = "https://github.com/SwiftyJSON/SwiftyJSON";
			requirement = {
				kind = upToNextMajorVersion;
				minimumVersion = 5.0.0;
			};
		};
/* End XCRemoteSwiftPackageReference section */

/* Begin XCSwiftPackageProductDependency section */
		859B35BD29F1CA7400D63031 /* SwiftyJSON */ = {
			isa = XCSwiftPackageProductDependency;
			package = 859B35BC29F1CA7400D63031 /* XCRemoteSwiftPackageReference "SwiftyJSON" */;
			productName = SwiftyJSON;
		};
/* End XCSwiftPackageProductDependency section */
	};
	rootObject = 859AB9D629ED43E7004246A3 /* Project object */;
}
