{
  "pins" : [
    {
      "identity" : "shiny-swift-ui",
      "kind" : "remoteSourceControl",
      "location" : "https://github.com/Flowductive/shiny-swift-ui",
      "state" : {
        "revision" : "fc1f779fc1bfc0701d0d22cd11ef91e0c15a7f92",
        "version" : "1.2.0"
      }
    },
    {
      "identity" : "swiftyjson",
      "kind" : "remoteSourceControl",
      "location" : "https://github.com/SwiftyJSON/SwiftyJSON",
      "state" : {
        "revision" : "b3dcd7dbd0d488e1a7077cb33b00f2083e382f07",
        "version" : "5.0.1"
      }
    }
  ],
  "version" : 2
}
